// !$*UTF8*$!
{
	archiveVersion = 1;
	classes = {
	};
	objectVersion = 51;
	objects = {

/* Begin PBXBuildFile section */
		361E82C9270681B4005527F5 /* GoogleService-Info.plist in Resources */ = {isa = PBXBuildFile; fileRef = 361E82C8270681B4005527F5 /* GoogleService-Info.plist */; };
		36209434271512590026A4B9 /* MenuSesionesViewController.swift in Sources */ = {isa = PBXBuildFile; fileRef = 36209433271512590026A4B9 /* MenuSesionesViewController.swift */; };
		3620944327152BD40026A4B9 /* InformaciónAlternativasBachButton.png in Resources */ = {isa = PBXBuildFile; fileRef = 3620943527152BD40026A4B9 /* InformaciónAlternativasBachButton.png */; };
		3620944427152BD40026A4B9 /* InformaciónHolisticosAngeloterapiaButton.png in Resources */ = {isa = PBXBuildFile; fileRef = 3620943627152BD40026A4B9 /* InformaciónHolisticosAngeloterapiaButton.png */; };
		3620944527152BD40026A4B9 /* InformaciónAcompAcompLogoterapiaButton.png in Resources */ = {isa = PBXBuildFile; fileRef = 3620943727152BD40026A4B9 /* InformaciónAcompAcompLogoterapiaButton.png */; };
		3620944627152BD40026A4B9 /* InformaciónAcompAcompGrupalButton.png in Resources */ = {isa = PBXBuildFile; fileRef = 3620943827152BD40026A4B9 /* InformaciónAcompAcompGrupalButton.png */; };
		3620944727152BD40026A4B9 /* InformaciónAcompAcompMindfulnessButton.png in Resources */ = {isa = PBXBuildFile; fileRef = 3620943927152BD40026A4B9 /* InformaciónAcompAcompMindfulnessButton.png */; };
		3620944827152BD40026A4B9 /* InformaciónHolisticosReikiButton.png in Resources */ = {isa = PBXBuildFile; fileRef = 3620943A27152BD40026A4B9 /* InformaciónHolisticosReikiButton.png */; };
		3620944927152BD40026A4B9 /* InformaciónHolisticosBiomagnetismoButton.png in Resources */ = {isa = PBXBuildFile; fileRef = 3620943B27152BD40026A4B9 /* InformaciónHolisticosBiomagnetismoButton.png */; };
		3620944A27152BD40026A4B9 /* InformaciónAcompAcompIndividualButton.png in Resources */ = {isa = PBXBuildFile; fileRef = 3620943C27152BD40026A4B9 /* InformaciónAcompAcompIndividualButton.png */; };
		3620944B27152BD40026A4B9 /* InformaciónAcompTanatologíaButton.png in Resources */ = {isa = PBXBuildFile; fileRef = 3620943D27152BD40026A4B9 /* InformaciónAcompTanatologíaButton.png */; };
		3620944C27152BD40026A4B9 /* InformaciónHolisticosCamaButton.png in Resources */ = {isa = PBXBuildFile; fileRef = 3620943E27152BD40026A4B9 /* InformaciónHolisticosCamaButton.png */; };
		3620944D27152BD40026A4B9 /* InformaciónHolisticosCristaloterapiaButton.png in Resources */ = {isa = PBXBuildFile; fileRef = 3620943F27152BD40026A4B9 /* InformaciónHolisticosCristaloterapiaButton.png */; };
		3620944E27152BD40026A4B9 /* InformaciónHolisticosMusicoterapiaButton.png in Resources */ = {isa = PBXBuildFile; fileRef = 3620944027152BD40026A4B9 /* InformaciónHolisticosMusicoterapiaButton.png */; };
		3620944F27152BD40026A4B9 /* InformaciónAlternativasBrisasAmbientalesButton.png in Resources */ = {isa = PBXBuildFile; fileRef = 3620944127152BD40026A4B9 /* InformaciónAlternativasBrisasAmbientalesButton.png */; };
		3620945027152BD40026A4B9 /* InformaciónHolisticosAromaterapiaButton.png in Resources */ = {isa = PBXBuildFile; fileRef = 3620944227152BD40026A4B9 /* InformaciónHolisticosAromaterapiaButton.png */; };
		3620945227152DAC0026A4B9 /* MenuInformacionSAViewController.swift in Sources */ = {isa = PBXBuildFile; fileRef = 3620945127152DAC0026A4B9 /* MenuInformacionSAViewController.swift */; };
		3620945427152DC70026A4B9 /* MenuInformacionTAViewController.swift in Sources */ = {isa = PBXBuildFile; fileRef = 3620945327152DC70026A4B9 /* MenuInformacionTAViewController.swift */; };
		3620945627152DEA0026A4B9 /* MenuInformacionSHViewController.swift in Sources */ = {isa = PBXBuildFile; fileRef = 3620945527152DEA0026A4B9 /* MenuInformacionSHViewController.swift */; };
		364BD0EE2706CD75002A7002 /* ModuloInformacionController.swift in Sources */ = {isa = PBXBuildFile; fileRef = 364BD0ED2706CD75002A7002 /* ModuloInformacionController.swift */; };
		364BD0F02706D06C002A7002 /* ModuloInformacionViewController.swift in Sources */ = {isa = PBXBuildFile; fileRef = 364BD0EF2706D06C002A7002 /* ModuloInformacionViewController.swift */; };
		368246A2271B9DAA000F0F57 /* CrearSesionSeguimientoViewController.swift in Sources */ = {isa = PBXBuildFile; fileRef = 368246A1271B9DAA000F0F57 /* CrearSesionSeguimientoViewController.swift */; };
		368246A4271BB210000F0F57 /* ReporteSesionesTableViewController.swift in Sources */ = {isa = PBXBuildFile; fileRef = 368246A3271BB210000F0F57 /* ReporteSesionesTableViewController.swift */; };
		368246A6271BB277000F0F57 /* SesionTableViewCell.swift in Sources */ = {isa = PBXBuildFile; fileRef = 368246A5271BB277000F0F57 /* SesionTableViewCell.swift */; };
		3683B739271CF60200753029 /* DetalleSesionViewController.swift in Sources */ = {isa = PBXBuildFile; fileRef = 3683B738271CF60200753029 /* DetalleSesionViewController.swift */; };
		3683B73B271D18B400753029 /* DetalleUsuarioViewController.swift in Sources */ = {isa = PBXBuildFile; fileRef = 3683B73A271D18B400753029 /* DetalleUsuarioViewController.swift */; };
		3683B73D271DFC7100753029 /* UsuarioActualViewController.swift in Sources */ = {isa = PBXBuildFile; fileRef = 3683B73C271DFC7100753029 /* UsuarioActualViewController.swift */; };
		3683B741271E18F700753029 /* Global.swift in Sources */ = {isa = PBXBuildFile; fileRef = 3683B740271E18F700753029 /* Global.swift */; };
		368AED2127053F31009EF4F3 /* AppDelegate.swift in Sources */ = {isa = PBXBuildFile; fileRef = 368AED2027053F31009EF4F3 /* AppDelegate.swift */; };
		368AED2327053F31009EF4F3 /* SceneDelegate.swift in Sources */ = {isa = PBXBuildFile; fileRef = 368AED2227053F31009EF4F3 /* SceneDelegate.swift */; };
		368AED2527053F31009EF4F3 /* ViewController.swift in Sources */ = {isa = PBXBuildFile; fileRef = 368AED2427053F31009EF4F3 /* ViewController.swift */; };
		368AED2827053F31009EF4F3 /* Main.storyboard in Resources */ = {isa = PBXBuildFile; fileRef = 368AED2627053F31009EF4F3 /* Main.storyboard */; };
		368AED2A27053F34009EF4F3 /* Assets.xcassets in Resources */ = {isa = PBXBuildFile; fileRef = 368AED2927053F34009EF4F3 /* Assets.xcassets */; };
		368AED2D27053F34009EF4F3 /* LaunchScreen.storyboard in Resources */ = {isa = PBXBuildFile; fileRef = 368AED2B27053F34009EF4F3 /* LaunchScreen.storyboard */; };
		368AED4527053F71009EF4F3 /* CETACLogo.png in Resources */ = {isa = PBXBuildFile; fileRef = 368AED3527053F71009EF4F3 /* CETACLogo.png */; };
		368AED4627053F71009EF4F3 /* InformaciónCETACObjetivosBrindarButton.png in Resources */ = {isa = PBXBuildFile; fileRef = 368AED3627053F71009EF4F3 /* InformaciónCETACObjetivosBrindarButton.png */; };
		368AED4727053F71009EF4F3 /* InformaciónAlterButton.png in Resources */ = {isa = PBXBuildFile; fileRef = 368AED3727053F71009EF4F3 /* InformaciónAlterButton.png */; };
		368AED4827053F71009EF4F3 /* CETACFONDO.png in Resources */ = {isa = PBXBuildFile; fileRef = 368AED3827053F71009EF4F3 /* CETACFONDO.png */; };
		368AED4927053F71009EF4F3 /* InformaciónCETACMisionButton.png in Resources */ = {isa = PBXBuildFile; fileRef = 368AED3927053F71009EF4F3 /* InformaciónCETACMisionButton.png */; };
		368AED4A27053F71009EF4F3 /* InformaciónCETACObjetivosAcompañamientoButton.png in Resources */ = {isa = PBXBuildFile; fileRef = 368AED3A27053F71009EF4F3 /* InformaciónCETACObjetivosAcompañamientoButton.png */; };
		368AED4B27053F71009EF4F3 /* InformaciónCetacButton.png in Resources */ = {isa = PBXBuildFile; fileRef = 368AED3B27053F71009EF4F3 /* InformaciónCetacButton.png */; };
		368AED4C27053F71009EF4F3 /* InformaciónCETACVisionButton.png in Resources */ = {isa = PBXBuildFile; fileRef = 368AED3C27053F71009EF4F3 /* InformaciónCETACVisionButton.png */; };
		368AED4D27053F71009EF4F3 /* InformaciónCETACObjetivosAtencionButton.png in Resources */ = {isa = PBXBuildFile; fileRef = 368AED3D27053F71009EF4F3 /* InformaciónCETACObjetivosAtencionButton.png */; };
		368AED4E27053F71009EF4F3 /* InformaciónAcompButton.png in Resources */ = {isa = PBXBuildFile; fileRef = 368AED3E27053F71009EF4F3 /* InformaciónAcompButton.png */; };
		368AED4F27053F71009EF4F3 /* InformaciónCETACObjetivosCoordinacionButton.png in Resources */ = {isa = PBXBuildFile; fileRef = 368AED3F27053F71009EF4F3 /* InformaciónCETACObjetivosCoordinacionButton.png */; };
		368AED5027053F71009EF4F3 /* InformaciónCETACObjetivosTrasladosButton.png in Resources */ = {isa = PBXBuildFile; fileRef = 368AED4027053F71009EF4F3 /* InformaciónCETACObjetivosTrasladosButton.png */; };
		368AED5127053F71009EF4F3 /* InformaciónCETACObjetivosButton.png in Resources */ = {isa = PBXBuildFile; fileRef = 368AED4127053F71009EF4F3 /* InformaciónCETACObjetivosButton.png */; };
		368AED5227053F71009EF4F3 /* InformaciónCETACObjetivosApoyoButton.png in Resources */ = {isa = PBXBuildFile; fileRef = 368AED4227053F71009EF4F3 /* InformaciónCETACObjetivosApoyoButton.png */; };
		368AED5327053F71009EF4F3 /* InformaciónCETACValoresButton.png in Resources */ = {isa = PBXBuildFile; fileRef = 368AED4327053F71009EF4F3 /* InformaciónCETACValoresButton.png */; };
		368AED5427053F71009EF4F3 /* InformaciónHolistButton.png in Resources */ = {isa = PBXBuildFile; fileRef = 368AED4427053F71009EF4F3 /* InformaciónHolistButton.png */; };
		3690C64127169D040059C7CF /* Traslados.png in Resources */ = {isa = PBXBuildFile; fileRef = 3690C62927169D030059C7CF /* Traslados.png */; };
		3690C64227169D040059C7CF /* Brinda.png in Resources */ = {isa = PBXBuildFile; fileRef = 3690C62A27169D030059C7CF /* Brinda.png */; };
		3690C64327169D040059C7CF /* Grupal.png in Resources */ = {isa = PBXBuildFile; fileRef = 3690C62B27169D030059C7CF /* Grupal.png */; };
		3690C64427169D040059C7CF /* CamaJade.png in Resources */ = {isa = PBXBuildFile; fileRef = 3690C62C27169D030059C7CF /* CamaJade.png */; };
		3690C64527169D040059C7CF /* Mindfulness.png in Resources */ = {isa = PBXBuildFile; fileRef = 3690C62D27169D030059C7CF /* Mindfulness.png */; };
		3690C64627169D040059C7CF /* Tanatología.png in Resources */ = {isa = PBXBuildFile; fileRef = 3690C62E27169D030059C7CF /* Tanatología.png */; };
		3690C64727169D040059C7CF /* Misión.png in Resources */ = {isa = PBXBuildFile; fileRef = 3690C62F27169D030059C7CF /* Misión.png */; };
		3690C64827169D040059C7CF /* Coordinación.png in Resources */ = {isa = PBXBuildFile; fileRef = 3690C63027169D030059C7CF /* Coordinación.png */; };
		3690C64927169D040059C7CF /* Angeloterapia.png in Resources */ = {isa = PBXBuildFile; fileRef = 3690C63127169D030059C7CF /* Angeloterapia.png */; };
		3690C64A27169D040059C7CF /* Aromaterapia.png in Resources */ = {isa = PBXBuildFile; fileRef = 3690C63227169D030059C7CF /* Aromaterapia.png */; };
		3690C64B27169D040059C7CF /* Biomagnetismo.png in Resources */ = {isa = PBXBuildFile; fileRef = 3690C63327169D030059C7CF /* Biomagnetismo.png */; };
		3690C64C27169D040059C7CF /* Cristal.png in Resources */ = {isa = PBXBuildFile; fileRef = 3690C63427169D040059C7CF /* Cristal.png */; };
		3690C64D27169D050059C7CF /* Acompanamiento.png in Resources */ = {isa = PBXBuildFile; fileRef = 3690C63527169D040059C7CF /* Acompanamiento.png */; };
		3690C64E27169D050059C7CF /* Bach.png in Resources */ = {isa = PBXBuildFile; fileRef = 3690C63627169D040059C7CF /* Bach.png */; };
		3690C64F27169D050059C7CF /* Holist.png in Resources */ = {isa = PBXBuildFile; fileRef = 3690C63727169D040059C7CF /* Holist.png */; };
		3690C65027169D050059C7CF /* Musicoterapia.png in Resources */ = {isa = PBXBuildFile; fileRef = 3690C63827169D040059C7CF /* Musicoterapia.png */; };
		3690C65127169D050059C7CF /* Valores.png in Resources */ = {isa = PBXBuildFile; fileRef = 3690C63927169D040059C7CF /* Valores.png */; };
		3690C65227169D050059C7CF /* Apoyo.png in Resources */ = {isa = PBXBuildFile; fileRef = 3690C63A27169D040059C7CF /* Apoyo.png */; };
		3690C65327169D050059C7CF /* Objetivos.png in Resources */ = {isa = PBXBuildFile; fileRef = 3690C63B27169D040059C7CF /* Objetivos.png */; };
		3690C65427169D050059C7CF /* Reiki.png in Resources */ = {isa = PBXBuildFile; fileRef = 3690C63C27169D040059C7CF /* Reiki.png */; };
		3690C65527169D050059C7CF /* Indiv.png in Resources */ = {isa = PBXBuildFile; fileRef = 3690C63D27169D040059C7CF /* Indiv.png */; };
		3690C65627169D050059C7CF /* Brisas.png in Resources */ = {isa = PBXBuildFile; fileRef = 3690C63E27169D040059C7CF /* Brisas.png */; };
		3690C65727169D050059C7CF /* AtencionMedica.png in Resources */ = {isa = PBXBuildFile; fileRef = 3690C63F27169D040059C7CF /* AtencionMedica.png */; };
		3690C65827169D050059C7CF /* Logoterapia.png in Resources */ = {isa = PBXBuildFile; fileRef = 3690C64027169D040059C7CF /* Logoterapia.png */; };
		36913CC92717BBAB001B90E7 /* Visión.png in Resources */ = {isa = PBXBuildFile; fileRef = 36913CC82717BBAB001B90E7 /* Visión.png */; };
		3696B820271B7F2D0088D7F4 /* CrearNuevaSesionViewController.swift in Sources */ = {isa = PBXBuildFile; fileRef = 3696B81F271B7F2D0088D7F4 /* CrearNuevaSesionViewController.swift */; };
		3696B822271B7F940088D7F4 /* SesionController.swift in Sources */ = {isa = PBXBuildFile; fileRef = 3696B821271B7F940088D7F4 /* SesionController.swift */; };
		369D0A952713B63200D14908 /* InformationModuleTest.swift in Sources */ = {isa = PBXBuildFile; fileRef = 369D0A942713B63200D14908 /* InformationModuleTest.swift */; };
		36D21258271297FC001C76D9 /* Usuario.swift in Sources */ = {isa = PBXBuildFile; fileRef = 36D21257271297FC001C76D9 /* Usuario.swift */; };
		36D2125A27129B46001C76D9 /* UsuarioController.swift in Sources */ = {isa = PBXBuildFile; fileRef = 36D2125927129B46001C76D9 /* UsuarioController.swift */; };
		36D2125E2713AE63001C76D9 /* LogInViewController.swift in Sources */ = {isa = PBXBuildFile; fileRef = 36D2125D2713AE63001C76D9 /* LogInViewController.swift */; };
		36D212652713AFA2001C76D9 /* LogInTest.swift in Sources */ = {isa = PBXBuildFile; fileRef = 36D2125F2713AEDC001C76D9 /* LogInTest.swift */; };
		36F289E82709382A0052FB5E /* MenuInformacionViewController.swift in Sources */ = {isa = PBXBuildFile; fileRef = 36F289E72709382A0052FB5E /* MenuInformacionViewController.swift */; };
		36F289EA2709386F0052FB5E /* MenuInformacionCETACViewController.swift in Sources */ = {isa = PBXBuildFile; fileRef = 36F289E92709386F0052FB5E /* MenuInformacionCETACViewController.swift */; };
		36F289EC270A88A00052FB5E /* Sesion.swift in Sources */ = {isa = PBXBuildFile; fileRef = 36F289EB270A88A00052FB5E /* Sesion.swift */; };
		36F3926627068C7F0030A87F /* ModuloInformacion.swift in Sources */ = {isa = PBXBuildFile; fileRef = 36F3926527068C7F0030A87F /* ModuloInformacion.swift */; };
		4C26B7ACCD70106C18533C84 /* Pods_CETACAppTests.framework in Frameworks */ = {isa = PBXBuildFile; fileRef = B426856A52A027FAC6B8BD6E /* Pods_CETACAppTests.framework */; };
		AD3870660D12B421DB319193 /* Pods_CETACApp.framework in Frameworks */ = {isa = PBXBuildFile; fileRef = C60F309B4049004E4A3682DE /* Pods_CETACApp.framework */; };
/* End PBXBuildFile section */

/* Begin PBXContainerItemProxy section */
		36F3F74427128EF200E6B0C5 /* PBXContainerItemProxy */ = {
			isa = PBXContainerItemProxy;
			containerPortal = 368AED1527053F31009EF4F3 /* Project object */;
			proxyType = 1;
			remoteGlobalIDString = 368AED1C27053F31009EF4F3;
			remoteInfo = CETACApp;
		};
/* End PBXContainerItemProxy section */

/* Begin PBXFileReference section */
		361E82C8270681B4005527F5 /* GoogleService-Info.plist */ = {isa = PBXFileReference; fileEncoding = 4; lastKnownFileType = text.plist.xml; path = "GoogleService-Info.plist"; sourceTree = "<group>"; };
		36209433271512590026A4B9 /* MenuSesionesViewController.swift */ = {isa = PBXFileReference; lastKnownFileType = sourcecode.swift; path = MenuSesionesViewController.swift; sourceTree = "<group>"; };
		3620943527152BD40026A4B9 /* InformaciónAlternativasBachButton.png */ = {isa = PBXFileReference; lastKnownFileType = image.png; path = "InformaciónAlternativasBachButton.png"; sourceTree = "<group>"; };
		3620943627152BD40026A4B9 /* InformaciónHolisticosAngeloterapiaButton.png */ = {isa = PBXFileReference; lastKnownFileType = image.png; path = "InformaciónHolisticosAngeloterapiaButton.png"; sourceTree = "<group>"; };
		3620943727152BD40026A4B9 /* InformaciónAcompAcompLogoterapiaButton.png */ = {isa = PBXFileReference; lastKnownFileType = image.png; path = "InformaciónAcompAcompLogoterapiaButton.png"; sourceTree = "<group>"; };
		3620943827152BD40026A4B9 /* InformaciónAcompAcompGrupalButton.png */ = {isa = PBXFileReference; lastKnownFileType = image.png; path = "InformaciónAcompAcompGrupalButton.png"; sourceTree = "<group>"; };
		3620943927152BD40026A4B9 /* InformaciónAcompAcompMindfulnessButton.png */ = {isa = PBXFileReference; lastKnownFileType = image.png; path = "InformaciónAcompAcompMindfulnessButton.png"; sourceTree = "<group>"; };
		3620943A27152BD40026A4B9 /* InformaciónHolisticosReikiButton.png */ = {isa = PBXFileReference; lastKnownFileType = image.png; path = "InformaciónHolisticosReikiButton.png"; sourceTree = "<group>"; };
		3620943B27152BD40026A4B9 /* InformaciónHolisticosBiomagnetismoButton.png */ = {isa = PBXFileReference; lastKnownFileType = image.png; path = "InformaciónHolisticosBiomagnetismoButton.png"; sourceTree = "<group>"; };
		3620943C27152BD40026A4B9 /* InformaciónAcompAcompIndividualButton.png */ = {isa = PBXFileReference; lastKnownFileType = image.png; path = "InformaciónAcompAcompIndividualButton.png"; sourceTree = "<group>"; };
		3620943D27152BD40026A4B9 /* InformaciónAcompTanatologíaButton.png */ = {isa = PBXFileReference; lastKnownFileType = image.png; path = "InformaciónAcompTanatologíaButton.png"; sourceTree = "<group>"; };
		3620943E27152BD40026A4B9 /* InformaciónHolisticosCamaButton.png */ = {isa = PBXFileReference; lastKnownFileType = image.png; path = "InformaciónHolisticosCamaButton.png"; sourceTree = "<group>"; };
		3620943F27152BD40026A4B9 /* InformaciónHolisticosCristaloterapiaButton.png */ = {isa = PBXFileReference; lastKnownFileType = image.png; path = "InformaciónHolisticosCristaloterapiaButton.png"; sourceTree = "<group>"; };
		3620944027152BD40026A4B9 /* InformaciónHolisticosMusicoterapiaButton.png */ = {isa = PBXFileReference; lastKnownFileType = image.png; path = "InformaciónHolisticosMusicoterapiaButton.png"; sourceTree = "<group>"; };
		3620944127152BD40026A4B9 /* InformaciónAlternativasBrisasAmbientalesButton.png */ = {isa = PBXFileReference; lastKnownFileType = image.png; path = "InformaciónAlternativasBrisasAmbientalesButton.png"; sourceTree = "<group>"; };
		3620944227152BD40026A4B9 /* InformaciónHolisticosAromaterapiaButton.png */ = {isa = PBXFileReference; lastKnownFileType = image.png; path = "InformaciónHolisticosAromaterapiaButton.png"; sourceTree = "<group>"; };
		3620945127152DAC0026A4B9 /* MenuInformacionSAViewController.swift */ = {isa = PBXFileReference; lastKnownFileType = sourcecode.swift; path = MenuInformacionSAViewController.swift; sourceTree = "<group>"; };
		3620945327152DC70026A4B9 /* MenuInformacionTAViewController.swift */ = {isa = PBXFileReference; lastKnownFileType = sourcecode.swift; path = MenuInformacionTAViewController.swift; sourceTree = "<group>"; };
		3620945527152DEA0026A4B9 /* MenuInformacionSHViewController.swift */ = {isa = PBXFileReference; lastKnownFileType = sourcecode.swift; path = MenuInformacionSHViewController.swift; sourceTree = "<group>"; };
		364BD0ED2706CD75002A7002 /* ModuloInformacionController.swift */ = {isa = PBXFileReference; lastKnownFileType = sourcecode.swift; path = ModuloInformacionController.swift; sourceTree = "<group>"; };
		364BD0EF2706D06C002A7002 /* ModuloInformacionViewController.swift */ = {isa = PBXFileReference; lastKnownFileType = sourcecode.swift; path = ModuloInformacionViewController.swift; sourceTree = "<group>"; };
		368246A1271B9DAA000F0F57 /* CrearSesionSeguimientoViewController.swift */ = {isa = PBXFileReference; lastKnownFileType = sourcecode.swift; path = CrearSesionSeguimientoViewController.swift; sourceTree = "<group>"; };
		368246A3271BB210000F0F57 /* ReporteSesionesTableViewController.swift */ = {isa = PBXFileReference; lastKnownFileType = sourcecode.swift; path = ReporteSesionesTableViewController.swift; sourceTree = "<group>"; };
		368246A5271BB277000F0F57 /* SesionTableViewCell.swift */ = {isa = PBXFileReference; lastKnownFileType = sourcecode.swift; path = SesionTableViewCell.swift; sourceTree = "<group>"; };
		3683B738271CF60200753029 /* DetalleSesionViewController.swift */ = {isa = PBXFileReference; lastKnownFileType = sourcecode.swift; path = DetalleSesionViewController.swift; sourceTree = "<group>"; };
		3683B73A271D18B400753029 /* DetalleUsuarioViewController.swift */ = {isa = PBXFileReference; lastKnownFileType = sourcecode.swift; path = DetalleUsuarioViewController.swift; sourceTree = "<group>"; };
		3683B73C271DFC7100753029 /* UsuarioActualViewController.swift */ = {isa = PBXFileReference; lastKnownFileType = sourcecode.swift; path = UsuarioActualViewController.swift; sourceTree = "<group>"; };
		3683B740271E18F700753029 /* Global.swift */ = {isa = PBXFileReference; lastKnownFileType = sourcecode.swift; path = Global.swift; sourceTree = "<group>"; };
		368AED1D27053F31009EF4F3 /* CETACApp.app */ = {isa = PBXFileReference; explicitFileType = wrapper.application; includeInIndex = 0; path = CETACApp.app; sourceTree = BUILT_PRODUCTS_DIR; };
		368AED2027053F31009EF4F3 /* AppDelegate.swift */ = {isa = PBXFileReference; lastKnownFileType = sourcecode.swift; path = AppDelegate.swift; sourceTree = "<group>"; };
		368AED2227053F31009EF4F3 /* SceneDelegate.swift */ = {isa = PBXFileReference; lastKnownFileType = sourcecode.swift; path = SceneDelegate.swift; sourceTree = "<group>"; };
		368AED2427053F31009EF4F3 /* ViewController.swift */ = {isa = PBXFileReference; lastKnownFileType = sourcecode.swift; path = ViewController.swift; sourceTree = "<group>"; };
		368AED2727053F31009EF4F3 /* Base */ = {isa = PBXFileReference; lastKnownFileType = file.storyboard; name = Base; path = Base.lproj/Main.storyboard; sourceTree = "<group>"; };
		368AED2927053F34009EF4F3 /* Assets.xcassets */ = {isa = PBXFileReference; lastKnownFileType = folder.assetcatalog; path = Assets.xcassets; sourceTree = "<group>"; };
		368AED2C27053F34009EF4F3 /* Base */ = {isa = PBXFileReference; lastKnownFileType = file.storyboard; name = Base; path = Base.lproj/LaunchScreen.storyboard; sourceTree = "<group>"; };
		368AED2E27053F34009EF4F3 /* Info.plist */ = {isa = PBXFileReference; lastKnownFileType = text.plist.xml; path = Info.plist; sourceTree = "<group>"; };
		368AED3527053F71009EF4F3 /* CETACLogo.png */ = {isa = PBXFileReference; lastKnownFileType = image.png; path = CETACLogo.png; sourceTree = "<group>"; };
		368AED3627053F71009EF4F3 /* InformaciónCETACObjetivosBrindarButton.png */ = {isa = PBXFileReference; lastKnownFileType = image.png; path = "InformaciónCETACObjetivosBrindarButton.png"; sourceTree = "<group>"; };
		368AED3727053F71009EF4F3 /* InformaciónAlterButton.png */ = {isa = PBXFileReference; lastKnownFileType = image.png; path = "InformaciónAlterButton.png"; sourceTree = "<group>"; };
		368AED3827053F71009EF4F3 /* CETACFONDO.png */ = {isa = PBXFileReference; lastKnownFileType = image.png; path = CETACFONDO.png; sourceTree = "<group>"; };
		368AED3927053F71009EF4F3 /* InformaciónCETACMisionButton.png */ = {isa = PBXFileReference; lastKnownFileType = image.png; path = "InformaciónCETACMisionButton.png"; sourceTree = "<group>"; };
		368AED3A27053F71009EF4F3 /* InformaciónCETACObjetivosAcompañamientoButton.png */ = {isa = PBXFileReference; lastKnownFileType = image.png; path = "InformaciónCETACObjetivosAcompañamientoButton.png"; sourceTree = "<group>"; };
		368AED3B27053F71009EF4F3 /* InformaciónCetacButton.png */ = {isa = PBXFileReference; lastKnownFileType = image.png; path = "InformaciónCetacButton.png"; sourceTree = "<group>"; };
		368AED3C27053F71009EF4F3 /* InformaciónCETACVisionButton.png */ = {isa = PBXFileReference; lastKnownFileType = image.png; path = "InformaciónCETACVisionButton.png"; sourceTree = "<group>"; };
		368AED3D27053F71009EF4F3 /* InformaciónCETACObjetivosAtencionButton.png */ = {isa = PBXFileReference; lastKnownFileType = image.png; path = "InformaciónCETACObjetivosAtencionButton.png"; sourceTree = "<group>"; };
		368AED3E27053F71009EF4F3 /* InformaciónAcompButton.png */ = {isa = PBXFileReference; lastKnownFileType = image.png; path = "InformaciónAcompButton.png"; sourceTree = "<group>"; };
		368AED3F27053F71009EF4F3 /* InformaciónCETACObjetivosCoordinacionButton.png */ = {isa = PBXFileReference; lastKnownFileType = image.png; path = "InformaciónCETACObjetivosCoordinacionButton.png"; sourceTree = "<group>"; };
		368AED4027053F71009EF4F3 /* InformaciónCETACObjetivosTrasladosButton.png */ = {isa = PBXFileReference; lastKnownFileType = image.png; path = "InformaciónCETACObjetivosTrasladosButton.png"; sourceTree = "<group>"; };
		368AED4127053F71009EF4F3 /* InformaciónCETACObjetivosButton.png */ = {isa = PBXFileReference; lastKnownFileType = image.png; path = "InformaciónCETACObjetivosButton.png"; sourceTree = "<group>"; };
		368AED4227053F71009EF4F3 /* InformaciónCETACObjetivosApoyoButton.png */ = {isa = PBXFileReference; lastKnownFileType = image.png; path = "InformaciónCETACObjetivosApoyoButton.png"; sourceTree = "<group>"; };
		368AED4327053F71009EF4F3 /* InformaciónCETACValoresButton.png */ = {isa = PBXFileReference; lastKnownFileType = image.png; path = "InformaciónCETACValoresButton.png"; sourceTree = "<group>"; };
		368AED4427053F71009EF4F3 /* InformaciónHolistButton.png */ = {isa = PBXFileReference; lastKnownFileType = image.png; path = "InformaciónHolistButton.png"; sourceTree = "<group>"; };
		3690C62927169D030059C7CF /* Traslados.png */ = {isa = PBXFileReference; lastKnownFileType = image.png; path = Traslados.png; sourceTree = "<group>"; };
		3690C62A27169D030059C7CF /* Brinda.png */ = {isa = PBXFileReference; lastKnownFileType = image.png; path = Brinda.png; sourceTree = "<group>"; };
		3690C62B27169D030059C7CF /* Grupal.png */ = {isa = PBXFileReference; lastKnownFileType = image.png; path = Grupal.png; sourceTree = "<group>"; };
		3690C62C27169D030059C7CF /* CamaJade.png */ = {isa = PBXFileReference; lastKnownFileType = image.png; path = CamaJade.png; sourceTree = "<group>"; };
		3690C62D27169D030059C7CF /* Mindfulness.png */ = {isa = PBXFileReference; lastKnownFileType = image.png; path = Mindfulness.png; sourceTree = "<group>"; };
		3690C62E27169D030059C7CF /* Tanatología.png */ = {isa = PBXFileReference; lastKnownFileType = image.png; path = "Tanatología.png"; sourceTree = "<group>"; };
		3690C62F27169D030059C7CF /* Misión.png */ = {isa = PBXFileReference; lastKnownFileType = image.png; path = "Misión.png"; sourceTree = "<group>"; };
		3690C63027169D030059C7CF /* Coordinación.png */ = {isa = PBXFileReference; lastKnownFileType = image.png; path = "Coordinación.png"; sourceTree = "<group>"; };
		3690C63127169D030059C7CF /* Angeloterapia.png */ = {isa = PBXFileReference; lastKnownFileType = image.png; path = Angeloterapia.png; sourceTree = "<group>"; };
		3690C63227169D030059C7CF /* Aromaterapia.png */ = {isa = PBXFileReference; lastKnownFileType = image.png; path = Aromaterapia.png; sourceTree = "<group>"; };
		3690C63327169D030059C7CF /* Biomagnetismo.png */ = {isa = PBXFileReference; lastKnownFileType = image.png; path = Biomagnetismo.png; sourceTree = "<group>"; };
		3690C63427169D040059C7CF /* Cristal.png */ = {isa = PBXFileReference; lastKnownFileType = image.png; path = Cristal.png; sourceTree = "<group>"; };
		3690C63527169D040059C7CF /* Acompanamiento.png */ = {isa = PBXFileReference; lastKnownFileType = image.png; path = Acompanamiento.png; sourceTree = "<group>"; };
		3690C63627169D040059C7CF /* Bach.png */ = {isa = PBXFileReference; lastKnownFileType = image.png; path = Bach.png; sourceTree = "<group>"; };
		3690C63727169D040059C7CF /* Holist.png */ = {isa = PBXFileReference; lastKnownFileType = image.png; path = Holist.png; sourceTree = "<group>"; };
		3690C63827169D040059C7CF /* Musicoterapia.png */ = {isa = PBXFileReference; lastKnownFileType = image.png; path = Musicoterapia.png; sourceTree = "<group>"; };
		3690C63927169D040059C7CF /* Valores.png */ = {isa = PBXFileReference; lastKnownFileType = image.png; path = Valores.png; sourceTree = "<group>"; };
		3690C63A27169D040059C7CF /* Apoyo.png */ = {isa = PBXFileReference; lastKnownFileType = image.png; path = Apoyo.png; sourceTree = "<group>"; };
		3690C63B27169D040059C7CF /* Objetivos.png */ = {isa = PBXFileReference; lastKnownFileType = image.png; path = Objetivos.png; sourceTree = "<group>"; };
		3690C63C27169D040059C7CF /* Reiki.png */ = {isa = PBXFileReference; lastKnownFileType = image.png; path = Reiki.png; sourceTree = "<group>"; };
		3690C63D27169D040059C7CF /* Indiv.png */ = {isa = PBXFileReference; lastKnownFileType = image.png; path = Indiv.png; sourceTree = "<group>"; };
		3690C63E27169D040059C7CF /* Brisas.png */ = {isa = PBXFileReference; lastKnownFileType = image.png; path = Brisas.png; sourceTree = "<group>"; };
		3690C63F27169D040059C7CF /* AtencionMedica.png */ = {isa = PBXFileReference; lastKnownFileType = image.png; path = AtencionMedica.png; sourceTree = "<group>"; };
		3690C64027169D040059C7CF /* Logoterapia.png */ = {isa = PBXFileReference; lastKnownFileType = image.png; path = Logoterapia.png; sourceTree = "<group>"; };
		36913CC82717BBAB001B90E7 /* Visión.png */ = {isa = PBXFileReference; lastKnownFileType = image.png; path = "Visión.png"; sourceTree = "<group>"; };
		3696B81F271B7F2D0088D7F4 /* CrearNuevaSesionViewController.swift */ = {isa = PBXFileReference; lastKnownFileType = sourcecode.swift; path = CrearNuevaSesionViewController.swift; sourceTree = "<group>"; };
		3696B821271B7F940088D7F4 /* SesionController.swift */ = {isa = PBXFileReference; lastKnownFileType = sourcecode.swift; path = SesionController.swift; sourceTree = "<group>"; };
		369D0A942713B63200D14908 /* InformationModuleTest.swift */ = {isa = PBXFileReference; lastKnownFileType = sourcecode.swift; path = InformationModuleTest.swift; sourceTree = "<group>"; };
		36D21257271297FC001C76D9 /* Usuario.swift */ = {isa = PBXFileReference; lastKnownFileType = sourcecode.swift; path = Usuario.swift; sourceTree = "<group>"; };
		36D2125927129B46001C76D9 /* UsuarioController.swift */ = {isa = PBXFileReference; lastKnownFileType = sourcecode.swift; path = UsuarioController.swift; sourceTree = "<group>"; };
		36D2125D2713AE63001C76D9 /* LogInViewController.swift */ = {isa = PBXFileReference; lastKnownFileType = sourcecode.swift; path = LogInViewController.swift; sourceTree = "<group>"; };
		36D2125F2713AEDC001C76D9 /* LogInTest.swift */ = {isa = PBXFileReference; lastKnownFileType = sourcecode.swift; path = LogInTest.swift; sourceTree = "<group>"; };
		36F289E72709382A0052FB5E /* MenuInformacionViewController.swift */ = {isa = PBXFileReference; lastKnownFileType = sourcecode.swift; path = MenuInformacionViewController.swift; sourceTree = "<group>"; };
		36F289E92709386F0052FB5E /* MenuInformacionCETACViewController.swift */ = {isa = PBXFileReference; lastKnownFileType = sourcecode.swift; path = MenuInformacionCETACViewController.swift; sourceTree = "<group>"; };
		36F289EB270A88A00052FB5E /* Sesion.swift */ = {isa = PBXFileReference; lastKnownFileType = sourcecode.swift; path = Sesion.swift; sourceTree = "<group>"; };
		36F3926527068C7F0030A87F /* ModuloInformacion.swift */ = {isa = PBXFileReference; lastKnownFileType = sourcecode.swift; path = ModuloInformacion.swift; sourceTree = "<group>"; };
		36F3F73F27128EF200E6B0C5 /* CETACAppTests.xctest */ = {isa = PBXFileReference; explicitFileType = wrapper.cfbundle; includeInIndex = 0; path = CETACAppTests.xctest; sourceTree = BUILT_PRODUCTS_DIR; };
		36F3F74327128EF200E6B0C5 /* Info.plist */ = {isa = PBXFileReference; lastKnownFileType = text.plist.xml; path = Info.plist; sourceTree = "<group>"; };
		3A22F4984F60C3DA694BC69B /* Pods-CETACApp.debug.xcconfig */ = {isa = PBXFileReference; includeInIndex = 1; lastKnownFileType = text.xcconfig; name = "Pods-CETACApp.debug.xcconfig"; path = "Target Support Files/Pods-CETACApp/Pods-CETACApp.debug.xcconfig"; sourceTree = "<group>"; };
		438F249AF5EB890DE256DB9F /* Pods-CETACAppTests.debug.xcconfig */ = {isa = PBXFileReference; includeInIndex = 1; lastKnownFileType = text.xcconfig; name = "Pods-CETACAppTests.debug.xcconfig"; path = "Target Support Files/Pods-CETACAppTests/Pods-CETACAppTests.debug.xcconfig"; sourceTree = "<group>"; };
		B426856A52A027FAC6B8BD6E /* Pods_CETACAppTests.framework */ = {isa = PBXFileReference; explicitFileType = wrapper.framework; includeInIndex = 0; path = Pods_CETACAppTests.framework; sourceTree = BUILT_PRODUCTS_DIR; };
		C325490D2262BB76C7A02680 /* Pods-CETACApp.release.xcconfig */ = {isa = PBXFileReference; includeInIndex = 1; lastKnownFileType = text.xcconfig; name = "Pods-CETACApp.release.xcconfig"; path = "Target Support Files/Pods-CETACApp/Pods-CETACApp.release.xcconfig"; sourceTree = "<group>"; };
		C60F309B4049004E4A3682DE /* Pods_CETACApp.framework */ = {isa = PBXFileReference; explicitFileType = wrapper.framework; includeInIndex = 0; path = Pods_CETACApp.framework; sourceTree = BUILT_PRODUCTS_DIR; };
		D65E9F092E71A2B0E36E7D5C /* Pods-CETACAppTests.release.xcconfig */ = {isa = PBXFileReference; includeInIndex = 1; lastKnownFileType = text.xcconfig; name = "Pods-CETACAppTests.release.xcconfig"; path = "Target Support Files/Pods-CETACAppTests/Pods-CETACAppTests.release.xcconfig"; sourceTree = "<group>"; };
/* End PBXFileReference section */

/* Begin PBXFrameworksBuildPhase section */
		368AED1A27053F31009EF4F3 /* Frameworks */ = {
			isa = PBXFrameworksBuildPhase;
			buildActionMask = 2147483647;
			files = (
				AD3870660D12B421DB319193 /* Pods_CETACApp.framework in Frameworks */,
			);
			runOnlyForDeploymentPostprocessing = 0;
		};
		36F3F73C27128EF200E6B0C5 /* Frameworks */ = {
			isa = PBXFrameworksBuildPhase;
			buildActionMask = 2147483647;
			files = (
				4C26B7ACCD70106C18533C84 /* Pods_CETACAppTests.framework in Frameworks */,
			);
			runOnlyForDeploymentPostprocessing = 0;
		};
/* End PBXFrameworksBuildPhase section */

/* Begin PBXGroup section */
		2BDD7D6B491F31E4094033DE /* Pods */ = {
			isa = PBXGroup;
			children = (
				3A22F4984F60C3DA694BC69B /* Pods-CETACApp.debug.xcconfig */,
				C325490D2262BB76C7A02680 /* Pods-CETACApp.release.xcconfig */,
				438F249AF5EB890DE256DB9F /* Pods-CETACAppTests.debug.xcconfig */,
				D65E9F092E71A2B0E36E7D5C /* Pods-CETACAppTests.release.xcconfig */,
			);
			path = Pods;
			sourceTree = "<group>";
		};
		368AED1427053F31009EF4F3 = {
			isa = PBXGroup;
			children = (
				368AED1F27053F31009EF4F3 /* CETACApp */,
				36F3F74027128EF200E6B0C5 /* CETACAppTests */,
				368AED1E27053F31009EF4F3 /* Products */,
				2BDD7D6B491F31E4094033DE /* Pods */,
				CBD791E47AA26CE50073A2E7 /* Frameworks */,
			);
			sourceTree = "<group>";
		};
		368AED1E27053F31009EF4F3 /* Products */ = {
			isa = PBXGroup;
			children = (
				368AED1D27053F31009EF4F3 /* CETACApp.app */,
				36F3F73F27128EF200E6B0C5 /* CETACAppTests.xctest */,
			);
			name = Products;
			sourceTree = "<group>";
		};
		368AED1F27053F31009EF4F3 /* CETACApp */ = {
			isa = PBXGroup;
			children = (
				36F3926327068B8B0030A87F /* Models */,
				36F3926427068B930030A87F /* Controllers */,
				368AED3427053F71009EF4F3 /* Assets */,
				368AED2027053F31009EF4F3 /* AppDelegate.swift */,
				368AED2227053F31009EF4F3 /* SceneDelegate.swift */,
				368AED2427053F31009EF4F3 /* ViewController.swift */,
				368AED2627053F31009EF4F3 /* Main.storyboard */,
				368AED2927053F34009EF4F3 /* Assets.xcassets */,
				368AED2B27053F34009EF4F3 /* LaunchScreen.storyboard */,
				368AED2E27053F34009EF4F3 /* Info.plist */,
				361E82C8270681B4005527F5 /* GoogleService-Info.plist */,
			);
			path = CETACApp;
			sourceTree = "<group>";
		};
		368AED3427053F71009EF4F3 /* Assets */ = {
			isa = PBXGroup;
			children = (
				36913CC82717BBAB001B90E7 /* Visión.png */,
				3690C63527169D040059C7CF /* Acompanamiento.png */,
				3690C63127169D030059C7CF /* Angeloterapia.png */,
				3690C63A27169D040059C7CF /* Apoyo.png */,
				3690C63227169D030059C7CF /* Aromaterapia.png */,
				3690C63F27169D040059C7CF /* AtencionMedica.png */,
				3690C63627169D040059C7CF /* Bach.png */,
				3690C63327169D030059C7CF /* Biomagnetismo.png */,
				3690C62A27169D030059C7CF /* Brinda.png */,
				3690C63E27169D040059C7CF /* Brisas.png */,
				3690C62C27169D030059C7CF /* CamaJade.png */,
				3690C63027169D030059C7CF /* Coordinación.png */,
				3690C63427169D040059C7CF /* Cristal.png */,
				3690C62B27169D030059C7CF /* Grupal.png */,
				3690C63727169D040059C7CF /* Holist.png */,
				3690C63D27169D040059C7CF /* Indiv.png */,
				3690C64027169D040059C7CF /* Logoterapia.png */,
				3690C62D27169D030059C7CF /* Mindfulness.png */,
				3690C62F27169D030059C7CF /* Misión.png */,
				3690C63827169D040059C7CF /* Musicoterapia.png */,
				3690C63B27169D040059C7CF /* Objetivos.png */,
				3690C63C27169D040059C7CF /* Reiki.png */,
				3690C62E27169D030059C7CF /* Tanatología.png */,
				3690C62927169D030059C7CF /* Traslados.png */,
				3690C63927169D040059C7CF /* Valores.png */,
				3620943827152BD40026A4B9 /* InformaciónAcompAcompGrupalButton.png */,
				3620943C27152BD40026A4B9 /* InformaciónAcompAcompIndividualButton.png */,
				3620943727152BD40026A4B9 /* InformaciónAcompAcompLogoterapiaButton.png */,
				3620943927152BD40026A4B9 /* InformaciónAcompAcompMindfulnessButton.png */,
				3620943D27152BD40026A4B9 /* InformaciónAcompTanatologíaButton.png */,
				3620943527152BD40026A4B9 /* InformaciónAlternativasBachButton.png */,
				3620944127152BD40026A4B9 /* InformaciónAlternativasBrisasAmbientalesButton.png */,
				3620943627152BD40026A4B9 /* InformaciónHolisticosAngeloterapiaButton.png */,
				3620944227152BD40026A4B9 /* InformaciónHolisticosAromaterapiaButton.png */,
				3620943B27152BD40026A4B9 /* InformaciónHolisticosBiomagnetismoButton.png */,
				3620943E27152BD40026A4B9 /* InformaciónHolisticosCamaButton.png */,
				3620943F27152BD40026A4B9 /* InformaciónHolisticosCristaloterapiaButton.png */,
				3620944027152BD40026A4B9 /* InformaciónHolisticosMusicoterapiaButton.png */,
				3620943A27152BD40026A4B9 /* InformaciónHolisticosReikiButton.png */,
				368AED3527053F71009EF4F3 /* CETACLogo.png */,
				368AED3627053F71009EF4F3 /* InformaciónCETACObjetivosBrindarButton.png */,
				368AED3727053F71009EF4F3 /* InformaciónAlterButton.png */,
				368AED3827053F71009EF4F3 /* CETACFONDO.png */,
				368AED3927053F71009EF4F3 /* InformaciónCETACMisionButton.png */,
				368AED3A27053F71009EF4F3 /* InformaciónCETACObjetivosAcompañamientoButton.png */,
				368AED3B27053F71009EF4F3 /* InformaciónCetacButton.png */,
				368AED3C27053F71009EF4F3 /* InformaciónCETACVisionButton.png */,
				368AED3D27053F71009EF4F3 /* InformaciónCETACObjetivosAtencionButton.png */,
				368AED3E27053F71009EF4F3 /* InformaciónAcompButton.png */,
				368AED3F27053F71009EF4F3 /* InformaciónCETACObjetivosCoordinacionButton.png */,
				368AED4027053F71009EF4F3 /* InformaciónCETACObjetivosTrasladosButton.png */,
				368AED4127053F71009EF4F3 /* InformaciónCETACObjetivosButton.png */,
				368AED4227053F71009EF4F3 /* InformaciónCETACObjetivosApoyoButton.png */,
				368AED4327053F71009EF4F3 /* InformaciónCETACValoresButton.png */,
				368AED4427053F71009EF4F3 /* InformaciónHolistButton.png */,
			);
			path = Assets;
			sourceTree = "<group>";
		};
		36F3926327068B8B0030A87F /* Models */ = {
			isa = PBXGroup;
			children = (
				36F3926527068C7F0030A87F /* ModuloInformacion.swift */,
				364BD0ED2706CD75002A7002 /* ModuloInformacionController.swift */,
				36F289EB270A88A00052FB5E /* Sesion.swift */,
				3696B821271B7F940088D7F4 /* SesionController.swift */,
				36D21257271297FC001C76D9 /* Usuario.swift */,
				36D2125927129B46001C76D9 /* UsuarioController.swift */,
				3683B740271E18F700753029 /* Global.swift */,
			);
			path = Models;
			sourceTree = "<group>";
		};
		36F3926427068B930030A87F /* Controllers */ = {
			isa = PBXGroup;
			children = (
				364BD0EF2706D06C002A7002 /* ModuloInformacionViewController.swift */,
				36F289E72709382A0052FB5E /* MenuInformacionViewController.swift */,
				36F289E92709386F0052FB5E /* MenuInformacionCETACViewController.swift */,
				36D2125D2713AE63001C76D9 /* LogInViewController.swift */,
				36209433271512590026A4B9 /* MenuSesionesViewController.swift */,
				3620945127152DAC0026A4B9 /* MenuInformacionSAViewController.swift */,
				3620945327152DC70026A4B9 /* MenuInformacionTAViewController.swift */,
				3620945527152DEA0026A4B9 /* MenuInformacionSHViewController.swift */,
				3696B81F271B7F2D0088D7F4 /* CrearNuevaSesionViewController.swift */,
				368246A1271B9DAA000F0F57 /* CrearSesionSeguimientoViewController.swift */,
				368246A3271BB210000F0F57 /* ReporteSesionesTableViewController.swift */,
				368246A5271BB277000F0F57 /* SesionTableViewCell.swift */,
				3683B738271CF60200753029 /* DetalleSesionViewController.swift */,
				3683B73A271D18B400753029 /* DetalleUsuarioViewController.swift */,
				3683B73C271DFC7100753029 /* UsuarioActualViewController.swift */,
			);
			path = Controllers;
			sourceTree = "<group>";
		};
		36F3F74027128EF200E6B0C5 /* CETACAppTests */ = {
			isa = PBXGroup;
			children = (
				36F3F74327128EF200E6B0C5 /* Info.plist */,
				36D2125F2713AEDC001C76D9 /* LogInTest.swift */,
				369D0A942713B63200D14908 /* InformationModuleTest.swift */,
			);
			path = CETACAppTests;
			sourceTree = "<group>";
		};
		CBD791E47AA26CE50073A2E7 /* Frameworks */ = {
			isa = PBXGroup;
			children = (
				C60F309B4049004E4A3682DE /* Pods_CETACApp.framework */,
				B426856A52A027FAC6B8BD6E /* Pods_CETACAppTests.framework */,
			);
			name = Frameworks;
			sourceTree = "<group>";
		};
/* End PBXGroup section */

/* Begin PBXNativeTarget section */
		368AED1C27053F31009EF4F3 /* CETACApp */ = {
			isa = PBXNativeTarget;
			buildConfigurationList = 368AED3127053F34009EF4F3 /* Build configuration list for PBXNativeTarget "CETACApp" */;
			buildPhases = (
				3DB287EF4B24BB11A237CDAD /* [CP] Check Pods Manifest.lock */,
				368AED1927053F31009EF4F3 /* Sources */,
				368AED1A27053F31009EF4F3 /* Frameworks */,
				368AED1B27053F31009EF4F3 /* Resources */,
				B75ED4896160530E27908A9D /* [CP] Embed Pods Frameworks */,
			);
			buildRules = (
			);
			dependencies = (
			);
			name = CETACApp;
			productName = CETACApp;
			productReference = 368AED1D27053F31009EF4F3 /* CETACApp.app */;
			productType = "com.apple.product-type.application";
		};
		36F3F73E27128EF200E6B0C5 /* CETACAppTests */ = {
			isa = PBXNativeTarget;
			buildConfigurationList = 36F3F74827128EF200E6B0C5 /* Build configuration list for PBXNativeTarget "CETACAppTests" */;
			buildPhases = (
				03D4B26C52ABF817AC73A163 /* [CP] Check Pods Manifest.lock */,
				36F3F73B27128EF200E6B0C5 /* Sources */,
				36F3F73C27128EF200E6B0C5 /* Frameworks */,
				36F3F73D27128EF200E6B0C5 /* Resources */,
			);
			buildRules = (
			);
			dependencies = (
				36F3F74527128EF200E6B0C5 /* PBXTargetDependency */,
			);
			name = CETACAppTests;
			productName = CETACAppTests;
			productReference = 36F3F73F27128EF200E6B0C5 /* CETACAppTests.xctest */;
			productType = "com.apple.product-type.bundle.unit-test";
		};
/* End PBXNativeTarget section */

/* Begin PBXProject section */
		368AED1527053F31009EF4F3 /* Project object */ = {
			isa = PBXProject;
			attributes = {
				LastSwiftUpdateCheck = 1250;
				LastUpgradeCheck = 1250;
				TargetAttributes = {
					368AED1C27053F31009EF4F3 = {
						CreatedOnToolsVersion = 12.5.1;
					};
					36F3F73E27128EF200E6B0C5 = {
						CreatedOnToolsVersion = 12.5.1;
						TestTargetID = 368AED1C27053F31009EF4F3;
					};
				};
			};
			buildConfigurationList = 368AED1827053F31009EF4F3 /* Build configuration list for PBXProject "CETACApp" */;
			compatibilityVersion = "Xcode 9.3";
			developmentRegion = en;
			hasScannedForEncodings = 0;
			knownRegions = (
				en,
				Base,
			);
			mainGroup = 368AED1427053F31009EF4F3;
			productRefGroup = 368AED1E27053F31009EF4F3 /* Products */;
			projectDirPath = "";
			projectRoot = "";
			targets = (
				368AED1C27053F31009EF4F3 /* CETACApp */,
				36F3F73E27128EF200E6B0C5 /* CETACAppTests */,
			);
		};
/* End PBXProject section */

/* Begin PBXResourcesBuildPhase section */
		368AED1B27053F31009EF4F3 /* Resources */ = {
			isa = PBXResourcesBuildPhase;
			buildActionMask = 2147483647;
			files = (
				368AED5127053F71009EF4F3 /* InformaciónCETACObjetivosButton.png in Resources */,
				368AED5227053F71009EF4F3 /* InformaciónCETACObjetivosApoyoButton.png in Resources */,
				368AED4727053F71009EF4F3 /* InformaciónAlterButton.png in Resources */,
				3620944827152BD40026A4B9 /* InformaciónHolisticosReikiButton.png in Resources */,
				3690C64C27169D040059C7CF /* Cristal.png in Resources */,
				3620944C27152BD40026A4B9 /* InformaciónHolisticosCamaButton.png in Resources */,
				3690C64727169D040059C7CF /* Misión.png in Resources */,
				3620944A27152BD40026A4B9 /* InformaciónAcompAcompIndividualButton.png in Resources */,
				3620945027152BD40026A4B9 /* InformaciónHolisticosAromaterapiaButton.png in Resources */,
				3690C64E27169D050059C7CF /* Bach.png in Resources */,
				368AED4E27053F71009EF4F3 /* InformaciónAcompButton.png in Resources */,
				368AED2D27053F34009EF4F3 /* LaunchScreen.storyboard in Resources */,
				3620944427152BD40026A4B9 /* InformaciónHolisticosAngeloterapiaButton.png in Resources */,
				3620944E27152BD40026A4B9 /* InformaciónHolisticosMusicoterapiaButton.png in Resources */,
				3620944627152BD40026A4B9 /* InformaciónAcompAcompGrupalButton.png in Resources */,
				368AED4627053F71009EF4F3 /* InformaciónCETACObjetivosBrindarButton.png in Resources */,
				3690C65727169D050059C7CF /* AtencionMedica.png in Resources */,
				3690C64D27169D050059C7CF /* Acompanamiento.png in Resources */,
				3690C64127169D040059C7CF /* Traslados.png in Resources */,
				3690C64827169D040059C7CF /* Coordinación.png in Resources */,
				368AED5027053F71009EF4F3 /* InformaciónCETACObjetivosTrasladosButton.png in Resources */,
				3690C64627169D040059C7CF /* Tanatología.png in Resources */,
				368AED5327053F71009EF4F3 /* InformaciónCETACValoresButton.png in Resources */,
				368AED4527053F71009EF4F3 /* CETACLogo.png in Resources */,
				3690C64227169D040059C7CF /* Brinda.png in Resources */,
				368AED4B27053F71009EF4F3 /* InformaciónCetacButton.png in Resources */,
				3620944727152BD40026A4B9 /* InformaciónAcompAcompMindfulnessButton.png in Resources */,
				368AED2A27053F34009EF4F3 /* Assets.xcassets in Resources */,
				368AED5427053F71009EF4F3 /* InformaciónHolistButton.png in Resources */,
				3690C65227169D050059C7CF /* Apoyo.png in Resources */,
				3690C64A27169D040059C7CF /* Aromaterapia.png in Resources */,
				3620944F27152BD40026A4B9 /* InformaciónAlternativasBrisasAmbientalesButton.png in Resources */,
				3690C64427169D040059C7CF /* CamaJade.png in Resources */,
				3620944B27152BD40026A4B9 /* InformaciónAcompTanatologíaButton.png in Resources */,
				3620944327152BD40026A4B9 /* InformaciónAlternativasBachButton.png in Resources */,
				3690C65327169D050059C7CF /* Objetivos.png in Resources */,
				3690C64F27169D050059C7CF /* Holist.png in Resources */,
				3690C65827169D050059C7CF /* Logoterapia.png in Resources */,
				368AED4827053F71009EF4F3 /* CETACFONDO.png in Resources */,
				3690C65527169D050059C7CF /* Indiv.png in Resources */,
				368AED4927053F71009EF4F3 /* InformaciónCETACMisionButton.png in Resources */,
				368AED4A27053F71009EF4F3 /* InformaciónCETACObjetivosAcompañamientoButton.png in Resources */,
				3690C64527169D040059C7CF /* Mindfulness.png in Resources */,
				368AED4D27053F71009EF4F3 /* InformaciónCETACObjetivosAtencionButton.png in Resources */,
				368AED2827053F31009EF4F3 /* Main.storyboard in Resources */,
				3620944527152BD40026A4B9 /* InformaciónAcompAcompLogoterapiaButton.png in Resources */,
				361E82C9270681B4005527F5 /* GoogleService-Info.plist in Resources */,
				3690C65427169D050059C7CF /* Reiki.png in Resources */,
				3690C64927169D040059C7CF /* Angeloterapia.png in Resources */,
				3620944927152BD40026A4B9 /* InformaciónHolisticosBiomagnetismoButton.png in Resources */,
				368AED4F27053F71009EF4F3 /* InformaciónCETACObjetivosCoordinacionButton.png in Resources */,
				3690C65627169D050059C7CF /* Brisas.png in Resources */,
				3690C65127169D050059C7CF /* Valores.png in Resources */,
				3690C64327169D040059C7CF /* Grupal.png in Resources */,
				3620944D27152BD40026A4B9 /* InformaciónHolisticosCristaloterapiaButton.png in Resources */,
				368AED4C27053F71009EF4F3 /* InformaciónCETACVisionButton.png in Resources */,
				3690C65027169D050059C7CF /* Musicoterapia.png in Resources */,
				36913CC92717BBAB001B90E7 /* Visión.png in Resources */,
				3690C64B27169D040059C7CF /* Biomagnetismo.png in Resources */,
			);
			runOnlyForDeploymentPostprocessing = 0;
		};
		36F3F73D27128EF200E6B0C5 /* Resources */ = {
			isa = PBXResourcesBuildPhase;
			buildActionMask = 2147483647;
			files = (
			);
			runOnlyForDeploymentPostprocessing = 0;
		};
/* End PBXResourcesBuildPhase section */

/* Begin PBXShellScriptBuildPhase section */
		03D4B26C52ABF817AC73A163 /* [CP] Check Pods Manifest.lock */ = {
			isa = PBXShellScriptBuildPhase;
			buildActionMask = 2147483647;
			files = (
			);
			inputFileListPaths = (
			);
			inputPaths = (
				"${PODS_PODFILE_DIR_PATH}/Podfile.lock",
				"${PODS_ROOT}/Manifest.lock",
			);
			name = "[CP] Check Pods Manifest.lock";
			outputFileListPaths = (
			);
			outputPaths = (
				"$(DERIVED_FILE_DIR)/Pods-CETACAppTests-checkManifestLockResult.txt",
			);
			runOnlyForDeploymentPostprocessing = 0;
			shellPath = /bin/sh;
			shellScript = "diff \"${PODS_PODFILE_DIR_PATH}/Podfile.lock\" \"${PODS_ROOT}/Manifest.lock\" > /dev/null\nif [ $? != 0 ] ; then\n    # print error to STDERR\n    echo \"error: The sandbox is not in sync with the Podfile.lock. Run 'pod install' or update your CocoaPods installation.\" >&2\n    exit 1\nfi\n# This output is used by Xcode 'outputs' to avoid re-running this script phase.\necho \"SUCCESS\" > \"${SCRIPT_OUTPUT_FILE_0}\"\n";
			showEnvVarsInLog = 0;
		};
		3DB287EF4B24BB11A237CDAD /* [CP] Check Pods Manifest.lock */ = {
			isa = PBXShellScriptBuildPhase;
			buildActionMask = 2147483647;
			files = (
			);
			inputFileListPaths = (
			);
			inputPaths = (
				"${PODS_PODFILE_DIR_PATH}/Podfile.lock",
				"${PODS_ROOT}/Manifest.lock",
			);
			name = "[CP] Check Pods Manifest.lock";
			outputFileListPaths = (
			);
			outputPaths = (
				"$(DERIVED_FILE_DIR)/Pods-CETACApp-checkManifestLockResult.txt",
			);
			runOnlyForDeploymentPostprocessing = 0;
			shellPath = /bin/sh;
			shellScript = "diff \"${PODS_PODFILE_DIR_PATH}/Podfile.lock\" \"${PODS_ROOT}/Manifest.lock\" > /dev/null\nif [ $? != 0 ] ; then\n    # print error to STDERR\n    echo \"error: The sandbox is not in sync with the Podfile.lock. Run 'pod install' or update your CocoaPods installation.\" >&2\n    exit 1\nfi\n# This output is used by Xcode 'outputs' to avoid re-running this script phase.\necho \"SUCCESS\" > \"${SCRIPT_OUTPUT_FILE_0}\"\n";
			showEnvVarsInLog = 0;
		};
		B75ED4896160530E27908A9D /* [CP] Embed Pods Frameworks */ = {
			isa = PBXShellScriptBuildPhase;
			buildActionMask = 2147483647;
			files = (
			);
			inputFileListPaths = (
				"${PODS_ROOT}/Target Support Files/Pods-CETACApp/Pods-CETACApp-frameworks-${CONFIGURATION}-input-files.xcfilelist",
			);
			name = "[CP] Embed Pods Frameworks";
			outputFileListPaths = (
				"${PODS_ROOT}/Target Support Files/Pods-CETACApp/Pods-CETACApp-frameworks-${CONFIGURATION}-output-files.xcfilelist",
			);
			runOnlyForDeploymentPostprocessing = 0;
			shellPath = /bin/sh;
			shellScript = "\"${PODS_ROOT}/Target Support Files/Pods-CETACApp/Pods-CETACApp-frameworks.sh\"\n";
			showEnvVarsInLog = 0;
		};
/* End PBXShellScriptBuildPhase section */

/* Begin PBXSourcesBuildPhase section */
		368AED1927053F31009EF4F3 /* Sources */ = {
			isa = PBXSourcesBuildPhase;
			buildActionMask = 2147483647;
			files = (
				3683B741271E18F700753029 /* Global.swift in Sources */,
				368AED2527053F31009EF4F3 /* ViewController.swift in Sources */,
				36F289EC270A88A00052FB5E /* Sesion.swift in Sources */,
				36D2125A27129B46001C76D9 /* UsuarioController.swift in Sources */,
				3683B739271CF60200753029 /* DetalleSesionViewController.swift in Sources */,
				368AED2127053F31009EF4F3 /* AppDelegate.swift in Sources */,
				3620945627152DEA0026A4B9 /* MenuInformacionSHViewController.swift in Sources */,
				3696B820271B7F2D0088D7F4 /* CrearNuevaSesionViewController.swift in Sources */,
				36F3926627068C7F0030A87F /* ModuloInformacion.swift in Sources */,
				36209434271512590026A4B9 /* MenuSesionesViewController.swift in Sources */,
				368246A6271BB277000F0F57 /* SesionTableViewCell.swift in Sources */,
				3683B73B271D18B400753029 /* DetalleUsuarioViewController.swift in Sources */,
				36D2125E2713AE63001C76D9 /* LogInViewController.swift in Sources */,
				36F289E82709382A0052FB5E /* MenuInformacionViewController.swift in Sources */,
				36F289EA2709386F0052FB5E /* MenuInformacionCETACViewController.swift in Sources */,
				368AED2327053F31009EF4F3 /* SceneDelegate.swift in Sources */,
				3696B822271B7F940088D7F4 /* SesionController.swift in Sources */,
				364BD0F02706D06C002A7002 /* ModuloInformacionViewController.swift in Sources */,
				368246A2271B9DAA000F0F57 /* CrearSesionSeguimientoViewController.swift in Sources */,
				36D21258271297FC001C76D9 /* Usuario.swift in Sources */,
				368246A4271BB210000F0F57 /* ReporteSesionesTableViewController.swift in Sources */,
				3620945427152DC70026A4B9 /* MenuInformacionTAViewController.swift in Sources */,
				364BD0EE2706CD75002A7002 /* ModuloInformacionController.swift in Sources */,
				3620945227152DAC0026A4B9 /* MenuInformacionSAViewController.swift in Sources */,
				3683B73D271DFC7100753029 /* UsuarioActualViewController.swift in Sources */,
			);
			runOnlyForDeploymentPostprocessing = 0;
		};
		36F3F73B27128EF200E6B0C5 /* Sources */ = {
			isa = PBXSourcesBuildPhase;
			buildActionMask = 2147483647;
			files = (
				36D212652713AFA2001C76D9 /* LogInTest.swift in Sources */,
				369D0A952713B63200D14908 /* InformationModuleTest.swift in Sources */,
			);
			runOnlyForDeploymentPostprocessing = 0;
		};
/* End PBXSourcesBuildPhase section */

/* Begin PBXTargetDependency section */
		36F3F74527128EF200E6B0C5 /* PBXTargetDependency */ = {
			isa = PBXTargetDependency;
			target = 368AED1C27053F31009EF4F3 /* CETACApp */;
			targetProxy = 36F3F74427128EF200E6B0C5 /* PBXContainerItemProxy */;
		};
/* End PBXTargetDependency section */

/* Begin PBXVariantGroup section */
		368AED2627053F31009EF4F3 /* Main.storyboard */ = {
			isa = PBXVariantGroup;
			children = (
				368AED2727053F31009EF4F3 /* Base */,
			);
			name = Main.storyboard;
			sourceTree = "<group>";
		};
		368AED2B27053F34009EF4F3 /* LaunchScreen.storyboard */ = {
			isa = PBXVariantGroup;
			children = (
				368AED2C27053F34009EF4F3 /* Base */,
			);
			name = LaunchScreen.storyboard;
			sourceTree = "<group>";
		};
/* End PBXVariantGroup section */

/* Begin XCBuildConfiguration section */
		368AED2F27053F34009EF4F3 /* Debug */ = {
			isa = XCBuildConfiguration;
			buildSettings = {
				ALWAYS_SEARCH_USER_PATHS = NO;
				CLANG_ANALYZER_NONNULL = YES;
				CLANG_ANALYZER_NUMBER_OBJECT_CONVERSION = YES_AGGRESSIVE;
				CLANG_CXX_LANGUAGE_STANDARD = "gnu++14";
				CLANG_CXX_LIBRARY = "libc++";
				CLANG_ENABLE_MODULES = YES;
				CLANG_ENABLE_OBJC_ARC = YES;
				CLANG_ENABLE_OBJC_WEAK = YES;
				CLANG_WARN_BLOCK_CAPTURE_AUTORELEASING = YES;
				CLANG_WARN_BOOL_CONVERSION = YES;
				CLANG_WARN_COMMA = YES;
				CLANG_WARN_CONSTANT_CONVERSION = YES;
				CLANG_WARN_DEPRECATED_OBJC_IMPLEMENTATIONS = YES;
				CLANG_WARN_DIRECT_OBJC_ISA_USAGE = YES_ERROR;
				CLANG_WARN_DOCUMENTATION_COMMENTS = YES;
				CLANG_WARN_EMPTY_BODY = YES;
				CLANG_WARN_ENUM_CONVERSION = YES;
				CLANG_WARN_INFINITE_RECURSION = YES;
				CLANG_WARN_INT_CONVERSION = YES;
				CLANG_WARN_NON_LITERAL_NULL_CONVERSION = YES;
				CLANG_WARN_OBJC_IMPLICIT_RETAIN_SELF = YES;
				CLANG_WARN_OBJC_LITERAL_CONVERSION = YES;
				CLANG_WARN_OBJC_ROOT_CLASS = YES_ERROR;
				CLANG_WARN_QUOTED_INCLUDE_IN_FRAMEWORK_HEADER = YES;
				CLANG_WARN_RANGE_LOOP_ANALYSIS = YES;
				CLANG_WARN_STRICT_PROTOTYPES = YES;
				CLANG_WARN_SUSPICIOUS_MOVE = YES;
				CLANG_WARN_UNGUARDED_AVAILABILITY = YES_AGGRESSIVE;
				CLANG_WARN_UNREACHABLE_CODE = YES;
				CLANG_WARN__DUPLICATE_METHOD_MATCH = YES;
				COPY_PHASE_STRIP = NO;
				DEBUG_INFORMATION_FORMAT = dwarf;
				ENABLE_STRICT_OBJC_MSGSEND = YES;
				ENABLE_TESTABILITY = YES;
				GCC_C_LANGUAGE_STANDARD = gnu11;
				GCC_DYNAMIC_NO_PIC = NO;
				GCC_NO_COMMON_BLOCKS = YES;
				GCC_OPTIMIZATION_LEVEL = 0;
				GCC_PREPROCESSOR_DEFINITIONS = (
					"DEBUG=1",
					"$(inherited)",
				);
				GCC_WARN_64_TO_32_BIT_CONVERSION = YES;
				GCC_WARN_ABOUT_RETURN_TYPE = YES_ERROR;
				GCC_WARN_UNDECLARED_SELECTOR = YES;
				GCC_WARN_UNINITIALIZED_AUTOS = YES_AGGRESSIVE;
				GCC_WARN_UNUSED_FUNCTION = YES;
				GCC_WARN_UNUSED_VARIABLE = YES;
				IPHONEOS_DEPLOYMENT_TARGET = 14.5;
				MTL_ENABLE_DEBUG_INFO = INCLUDE_SOURCE;
				MTL_FAST_MATH = YES;
				ONLY_ACTIVE_ARCH = YES;
				SDKROOT = iphoneos;
				SWIFT_ACTIVE_COMPILATION_CONDITIONS = DEBUG;
				SWIFT_OPTIMIZATION_LEVEL = "-Onone";
			};
			name = Debug;
		};
		368AED3027053F34009EF4F3 /* Release */ = {
			isa = XCBuildConfiguration;
			buildSettings = {
				ALWAYS_SEARCH_USER_PATHS = NO;
				CLANG_ANALYZER_NONNULL = YES;
				CLANG_ANALYZER_NUMBER_OBJECT_CONVERSION = YES_AGGRESSIVE;
				CLANG_CXX_LANGUAGE_STANDARD = "gnu++14";
				CLANG_CXX_LIBRARY = "libc++";
				CLANG_ENABLE_MODULES = YES;
				CLANG_ENABLE_OBJC_ARC = YES;
				CLANG_ENABLE_OBJC_WEAK = YES;
				CLANG_WARN_BLOCK_CAPTURE_AUTORELEASING = YES;
				CLANG_WARN_BOOL_CONVERSION = YES;
				CLANG_WARN_COMMA = YES;
				CLANG_WARN_CONSTANT_CONVERSION = YES;
				CLANG_WARN_DEPRECATED_OBJC_IMPLEMENTATIONS = YES;
				CLANG_WARN_DIRECT_OBJC_ISA_USAGE = YES_ERROR;
				CLANG_WARN_DOCUMENTATION_COMMENTS = YES;
				CLANG_WARN_EMPTY_BODY = YES;
				CLANG_WARN_ENUM_CONVERSION = YES;
				CLANG_WARN_INFINITE_RECURSION = YES;
				CLANG_WARN_INT_CONVERSION = YES;
				CLANG_WARN_NON_LITERAL_NULL_CONVERSION = YES;
				CLANG_WARN_OBJC_IMPLICIT_RETAIN_SELF = YES;
				CLANG_WARN_OBJC_LITERAL_CONVERSION = YES;
				CLANG_WARN_OBJC_ROOT_CLASS = YES_ERROR;
				CLANG_WARN_QUOTED_INCLUDE_IN_FRAMEWORK_HEADER = YES;
				CLANG_WARN_RANGE_LOOP_ANALYSIS = YES;
				CLANG_WARN_STRICT_PROTOTYPES = YES;
				CLANG_WARN_SUSPICIOUS_MOVE = YES;
				CLANG_WARN_UNGUARDED_AVAILABILITY = YES_AGGRESSIVE;
				CLANG_WARN_UNREACHABLE_CODE = YES;
				CLANG_WARN__DUPLICATE_METHOD_MATCH = YES;
				COPY_PHASE_STRIP = NO;
				DEBUG_INFORMATION_FORMAT = "dwarf-with-dsym";
				ENABLE_NS_ASSERTIONS = NO;
				ENABLE_STRICT_OBJC_MSGSEND = YES;
				GCC_C_LANGUAGE_STANDARD = gnu11;
				GCC_NO_COMMON_BLOCKS = YES;
				GCC_WARN_64_TO_32_BIT_CONVERSION = YES;
				GCC_WARN_ABOUT_RETURN_TYPE = YES_ERROR;
				GCC_WARN_UNDECLARED_SELECTOR = YES;
				GCC_WARN_UNINITIALIZED_AUTOS = YES_AGGRESSIVE;
				GCC_WARN_UNUSED_FUNCTION = YES;
				GCC_WARN_UNUSED_VARIABLE = YES;
				IPHONEOS_DEPLOYMENT_TARGET = 14.5;
				MTL_ENABLE_DEBUG_INFO = NO;
				MTL_FAST_MATH = YES;
				SDKROOT = iphoneos;
				SWIFT_COMPILATION_MODE = wholemodule;
				SWIFT_OPTIMIZATION_LEVEL = "-O";
				VALIDATE_PRODUCT = YES;
			};
			name = Release;
		};
		368AED3227053F34009EF4F3 /* Debug */ = {
			isa = XCBuildConfiguration;
			baseConfigurationReference = 3A22F4984F60C3DA694BC69B /* Pods-CETACApp.debug.xcconfig */;
			buildSettings = {
				ASSETCATALOG_COMPILER_APPICON_NAME = AppIcon;
				ASSETCATALOG_COMPILER_GLOBAL_ACCENT_COLOR_NAME = AccentColor;
				CODE_SIGN_STYLE = Automatic;
				DEVELOPMENT_TEAM = TF666HR9LA;
				INFOPLIST_FILE = CETACApp/Info.plist;
				LD_RUNPATH_SEARCH_PATHS = (
					"$(inherited)",
					"@executable_path/Frameworks",
				);
				PRODUCT_BUNDLE_IDENTIFIER = com.Placeholder.CETACApp;
				PRODUCT_NAME = "$(TARGET_NAME)";
				SWIFT_VERSION = 5.0;
				TARGETED_DEVICE_FAMILY = "1,2";
			};
			name = Debug;
		};
		368AED3327053F34009EF4F3 /* Release */ = {
			isa = XCBuildConfiguration;
			baseConfigurationReference = C325490D2262BB76C7A02680 /* Pods-CETACApp.release.xcconfig */;
			buildSettings = {
				ASSETCATALOG_COMPILER_APPICON_NAME = AppIcon;
				ASSETCATALOG_COMPILER_GLOBAL_ACCENT_COLOR_NAME = AccentColor;
				CODE_SIGN_STYLE = Automatic;
				DEVELOPMENT_TEAM = TF666HR9LA;
				INFOPLIST_FILE = CETACApp/Info.plist;
				LD_RUNPATH_SEARCH_PATHS = (
					"$(inherited)",
					"@executable_path/Frameworks",
				);
				PRODUCT_BUNDLE_IDENTIFIER = com.Placeholder.CETACApp;
				PRODUCT_NAME = "$(TARGET_NAME)";
				SWIFT_VERSION = 5.0;
				TARGETED_DEVICE_FAMILY = "1,2";
			};
			name = Release;
		};
		36F3F74627128EF200E6B0C5 /* Debug */ = {
			isa = XCBuildConfiguration;
			baseConfigurationReference = 438F249AF5EB890DE256DB9F /* Pods-CETACAppTests.debug.xcconfig */;
			buildSettings = {
				BUNDLE_LOADER = "$(TEST_HOST)";
				CODE_SIGN_STYLE = Automatic;
				DEVELOPMENT_TEAM = TF666HR9LA;
				INFOPLIST_FILE = CETACAppTests/Info.plist;
				LD_RUNPATH_SEARCH_PATHS = (
					"$(inherited)",
					"@executable_path/Frameworks",
					"@loader_path/Frameworks",
				);
				PRODUCT_BUNDLE_IDENTIFIER = com.Placeholder.CETACAppTests;
				PRODUCT_NAME = "$(TARGET_NAME)";
				SWIFT_VERSION = 5.0;
				TARGETED_DEVICE_FAMILY = "1,2";
				TEST_HOST = "$(BUILT_PRODUCTS_DIR)/CETACApp.app/CETACApp";
			};
			name = Debug;
		};
		36F3F74727128EF200E6B0C5 /* Release */ = {
			isa = XCBuildConfiguration;
			baseConfigurationReference = D65E9F092E71A2B0E36E7D5C /* Pods-CETACAppTests.release.xcconfig */;
			buildSettings = {
				BUNDLE_LOADER = "$(TEST_HOST)";
				CODE_SIGN_STYLE = Automatic;
				DEVELOPMENT_TEAM = TF666HR9LA;
				INFOPLIST_FILE = CETACAppTests/Info.plist;
				LD_RUNPATH_SEARCH_PATHS = (
					"$(inherited)",
					"@executable_path/Frameworks",
					"@loader_path/Frameworks",
				);
				PRODUCT_BUNDLE_IDENTIFIER = com.Placeholder.CETACAppTests;
				PRODUCT_NAME = "$(TARGET_NAME)";
				SWIFT_VERSION = 5.0;
				TARGETED_DEVICE_FAMILY = "1,2";
				TEST_HOST = "$(BUILT_PRODUCTS_DIR)/CETACApp.app/CETACApp";
			};
			name = Release;
		};
/* End XCBuildConfiguration section */

/* Begin XCConfigurationList section */
		368AED1827053F31009EF4F3 /* Build configuration list for PBXProject "CETACApp" */ = {
			isa = XCConfigurationList;
			buildConfigurations = (
				368AED2F27053F34009EF4F3 /* Debug */,
				368AED3027053F34009EF4F3 /* Release */,
			);
			defaultConfigurationIsVisible = 0;
			defaultConfigurationName = Release;
		};
		368AED3127053F34009EF4F3 /* Build configuration list for PBXNativeTarget "CETACApp" */ = {
			isa = XCConfigurationList;
			buildConfigurations = (
				368AED3227053F34009EF4F3 /* Debug */,
				368AED3327053F34009EF4F3 /* Release */,
			);
			defaultConfigurationIsVisible = 0;
			defaultConfigurationName = Release;
		};
		36F3F74827128EF200E6B0C5 /* Build configuration list for PBXNativeTarget "CETACAppTests" */ = {
			isa = XCConfigurationList;
			buildConfigurations = (
				36F3F74627128EF200E6B0C5 /* Debug */,
				36F3F74727128EF200E6B0C5 /* Release */,
			);
			defaultConfigurationIsVisible = 0;
			defaultConfigurationName = Release;
		};
/* End XCConfigurationList section */
	};
	rootObject = 368AED1527053F31009EF4F3 /* Project object */;
}
