// !$*UTF8*$!
{
	archiveVersion = 1;
	classes = {
	};
	objectVersion = 51;
	objects = {

/* Begin PBXBuildFile section */
		361E82C9270681B4005527F5 /* GoogleService-Info.plist in Resources */ = {isa = PBXBuildFile; fileRef = 361E82C8270681B4005527F5 /* GoogleService-Info.plist */; };
		364BD0EE2706CD75002A7002 /* ModuloInformacionController.swift in Sources */ = {isa = PBXBuildFile; fileRef = 364BD0ED2706CD75002A7002 /* ModuloInformacionController.swift */; };
		364BD0F02706D06C002A7002 /* ModuloInformacionViewController.swift in Sources */ = {isa = PBXBuildFile; fileRef = 364BD0EF2706D06C002A7002 /* ModuloInformacionViewController.swift */; };
		368AED2127053F31009EF4F3 /* AppDelegate.swift in Sources */ = {isa = PBXBuildFile; fileRef = 368AED2027053F31009EF4F3 /* AppDelegate.swift */; };
		368AED2327053F31009EF4F3 /* SceneDelegate.swift in Sources */ = {isa = PBXBuildFile; fileRef = 368AED2227053F31009EF4F3 /* SceneDelegate.swift */; };
		368AED2527053F31009EF4F3 /* ViewController.swift in Sources */ = {isa = PBXBuildFile; fileRef = 368AED2427053F31009EF4F3 /* ViewController.swift */; };
		368AED2827053F31009EF4F3 /* Main.storyboard in Resources */ = {isa = PBXBuildFile; fileRef = 368AED2627053F31009EF4F3 /* Main.storyboard */; };
		368AED2A27053F34009EF4F3 /* Assets.xcassets in Resources */ = {isa = PBXBuildFile; fileRef = 368AED2927053F34009EF4F3 /* Assets.xcassets */; };
		368AED2D27053F34009EF4F3 /* LaunchScreen.storyboard in Resources */ = {isa = PBXBuildFile; fileRef = 368AED2B27053F34009EF4F3 /* LaunchScreen.storyboard */; };
		368AED4527053F71009EF4F3 /* CETACLogo.png in Resources */ = {isa = PBXBuildFile; fileRef = 368AED3527053F71009EF4F3 /* CETACLogo.png */; };
		368AED4627053F71009EF4F3 /* InformaciónCETACObjetivosBrindarButton.png in Resources */ = {isa = PBXBuildFile; fileRef = 368AED3627053F71009EF4F3 /* InformaciónCETACObjetivosBrindarButton.png */; };
		368AED4727053F71009EF4F3 /* InformaciónAlterButton.png in Resources */ = {isa = PBXBuildFile; fileRef = 368AED3727053F71009EF4F3 /* InformaciónAlterButton.png */; };
		368AED4827053F71009EF4F3 /* CETACFONDO.png in Resources */ = {isa = PBXBuildFile; fileRef = 368AED3827053F71009EF4F3 /* CETACFONDO.png */; };
		368AED4927053F71009EF4F3 /* InformaciónCETACMisionButton.png in Resources */ = {isa = PBXBuildFile; fileRef = 368AED3927053F71009EF4F3 /* InformaciónCETACMisionButton.png */; };
		368AED4A27053F71009EF4F3 /* InformaciónCETACObjetivosAcompañamientoButton.png in Resources */ = {isa = PBXBuildFile; fileRef = 368AED3A27053F71009EF4F3 /* InformaciónCETACObjetivosAcompañamientoButton.png */; };
		368AED4B27053F71009EF4F3 /* InformaciónCetacButton.png in Resources */ = {isa = PBXBuildFile; fileRef = 368AED3B27053F71009EF4F3 /* InformaciónCetacButton.png */; };
		368AED4C27053F71009EF4F3 /* InformaciónCETACVisionButton.png in Resources */ = {isa = PBXBuildFile; fileRef = 368AED3C27053F71009EF4F3 /* InformaciónCETACVisionButton.png */; };
		368AED4D27053F71009EF4F3 /* InformaciónCETACObjetivosAtencionButton.png in Resources */ = {isa = PBXBuildFile; fileRef = 368AED3D27053F71009EF4F3 /* InformaciónCETACObjetivosAtencionButton.png */; };
		368AED4E27053F71009EF4F3 /* InformaciónAcompButton.png in Resources */ = {isa = PBXBuildFile; fileRef = 368AED3E27053F71009EF4F3 /* InformaciónAcompButton.png */; };
		368AED4F27053F71009EF4F3 /* InformaciónCETACObjetivosCoordinacionButton.png in Resources */ = {isa = PBXBuildFile; fileRef = 368AED3F27053F71009EF4F3 /* InformaciónCETACObjetivosCoordinacionButton.png */; };
		368AED5027053F71009EF4F3 /* InformaciónCETACObjetivosTrasladosButton.png in Resources */ = {isa = PBXBuildFile; fileRef = 368AED4027053F71009EF4F3 /* InformaciónCETACObjetivosTrasladosButton.png */; };
		368AED5127053F71009EF4F3 /* InformaciónCETACObjetivosButton.png in Resources */ = {isa = PBXBuildFile; fileRef = 368AED4127053F71009EF4F3 /* InformaciónCETACObjetivosButton.png */; };
		368AED5227053F71009EF4F3 /* InformaciónCETACObjetivosApoyoButton.png in Resources */ = {isa = PBXBuildFile; fileRef = 368AED4227053F71009EF4F3 /* InformaciónCETACObjetivosApoyoButton.png */; };
		368AED5327053F71009EF4F3 /* InformaciónCETACValoresButton.png in Resources */ = {isa = PBXBuildFile; fileRef = 368AED4327053F71009EF4F3 /* InformaciónCETACValoresButton.png */; };
		368AED5427053F71009EF4F3 /* InformaciónHolistButton.png in Resources */ = {isa = PBXBuildFile; fileRef = 368AED4427053F71009EF4F3 /* InformaciónHolistButton.png */; };
		36D06FC32710D3DD00F2E2E9 /* BackgroundWhiteLogIn.png in Resources */ = {isa = PBXBuildFile; fileRef = 36D06FC22710D3DC00F2E2E9 /* BackgroundWhiteLogIn.png */; };
		36F0530C2710C61B0076B8CA /* pending.png in Resources */ = {isa = PBXBuildFile; fileRef = 36F0530B2710C61B0076B8CA /* pending.png */; };
		36F289E82709382A0052FB5E /* MenuInformacionViewController.swift in Sources */ = {isa = PBXBuildFile; fileRef = 36F289E72709382A0052FB5E /* MenuInformacionViewController.swift */; };
		36F289EA2709386F0052FB5E /* MenuInformacionCETACViewController.swift in Sources */ = {isa = PBXBuildFile; fileRef = 36F289E92709386F0052FB5E /* MenuInformacionCETACViewController.swift */; };
		36F289EC270A88A00052FB5E /* Sesion.swift in Sources */ = {isa = PBXBuildFile; fileRef = 36F289EB270A88A00052FB5E /* Sesion.swift */; };
		36F3926627068C7F0030A87F /* ModuloInformacion.swift in Sources */ = {isa = PBXBuildFile; fileRef = 36F3926527068C7F0030A87F /* ModuloInformacion.swift */; };
		AD3870660D12B421DB319193 /* Pods_CETACApp.framework in Frameworks */ = {isa = PBXBuildFile; fileRef = C60F309B4049004E4A3682DE /* Pods_CETACApp.framework */; };
/* End PBXBuildFile section */

/* Begin PBXFileReference section */
		361E82C8270681B4005527F5 /* GoogleService-Info.plist */ = {isa = PBXFileReference; fileEncoding = 4; lastKnownFileType = text.plist.xml; path = "GoogleService-Info.plist"; sourceTree = "<group>"; };
		364BD0ED2706CD75002A7002 /* ModuloInformacionController.swift */ = {isa = PBXFileReference; lastKnownFileType = sourcecode.swift; path = ModuloInformacionController.swift; sourceTree = "<group>"; };
		364BD0EF2706D06C002A7002 /* ModuloInformacionViewController.swift */ = {isa = PBXFileReference; lastKnownFileType = sourcecode.swift; path = ModuloInformacionViewController.swift; sourceTree = "<group>"; };
		368AED1D27053F31009EF4F3 /* CETACApp.app */ = {isa = PBXFileReference; explicitFileType = wrapper.application; includeInIndex = 0; path = CETACApp.app; sourceTree = BUILT_PRODUCTS_DIR; };
		368AED2027053F31009EF4F3 /* AppDelegate.swift */ = {isa = PBXFileReference; lastKnownFileType = sourcecode.swift; path = AppDelegate.swift; sourceTree = "<group>"; };
		368AED2227053F31009EF4F3 /* SceneDelegate.swift */ = {isa = PBXFileReference; lastKnownFileType = sourcecode.swift; path = SceneDelegate.swift; sourceTree = "<group>"; };
		368AED2427053F31009EF4F3 /* ViewController.swift */ = {isa = PBXFileReference; lastKnownFileType = sourcecode.swift; path = ViewController.swift; sourceTree = "<group>"; };
		368AED2727053F31009EF4F3 /* Base */ = {isa = PBXFileReference; lastKnownFileType = file.storyboard; name = Base; path = Base.lproj/Main.storyboard; sourceTree = "<group>"; };
		368AED2927053F34009EF4F3 /* Assets.xcassets */ = {isa = PBXFileReference; lastKnownFileType = folder.assetcatalog; path = Assets.xcassets; sourceTree = "<group>"; };
		368AED2C27053F34009EF4F3 /* Base */ = {isa = PBXFileReference; lastKnownFileType = file.storyboard; name = Base; path = Base.lproj/LaunchScreen.storyboard; sourceTree = "<group>"; };
		368AED2E27053F34009EF4F3 /* Info.plist */ = {isa = PBXFileReference; lastKnownFileType = text.plist.xml; path = Info.plist; sourceTree = "<group>"; };
		368AED3527053F71009EF4F3 /* CETACLogo.png */ = {isa = PBXFileReference; lastKnownFileType = image.png; path = CETACLogo.png; sourceTree = "<group>"; };
		368AED3627053F71009EF4F3 /* InformaciónCETACObjetivosBrindarButton.png */ = {isa = PBXFileReference; lastKnownFileType = image.png; path = "InformaciónCETACObjetivosBrindarButton.png"; sourceTree = "<group>"; };
		368AED3727053F71009EF4F3 /* InformaciónAlterButton.png */ = {isa = PBXFileReference; lastKnownFileType = image.png; path = "InformaciónAlterButton.png"; sourceTree = "<group>"; };
		368AED3827053F71009EF4F3 /* CETACFONDO.png */ = {isa = PBXFileReference; lastKnownFileType = image.png; path = CETACFONDO.png; sourceTree = "<group>"; };
		368AED3927053F71009EF4F3 /* InformaciónCETACMisionButton.png */ = {isa = PBXFileReference; lastKnownFileType = image.png; path = "InformaciónCETACMisionButton.png"; sourceTree = "<group>"; };
		368AED3A27053F71009EF4F3 /* InformaciónCETACObjetivosAcompañamientoButton.png */ = {isa = PBXFileReference; lastKnownFileType = image.png; path = "InformaciónCETACObjetivosAcompañamientoButton.png"; sourceTree = "<group>"; };
		368AED3B27053F71009EF4F3 /* InformaciónCetacButton.png */ = {isa = PBXFileReference; lastKnownFileType = image.png; path = "InformaciónCetacButton.png"; sourceTree = "<group>"; };
		368AED3C27053F71009EF4F3 /* InformaciónCETACVisionButton.png */ = {isa = PBXFileReference; lastKnownFileType = image.png; path = "InformaciónCETACVisionButton.png"; sourceTree = "<group>"; };
		368AED3D27053F71009EF4F3 /* InformaciónCETACObjetivosAtencionButton.png */ = {isa = PBXFileReference; lastKnownFileType = image.png; path = "InformaciónCETACObjetivosAtencionButton.png"; sourceTree = "<group>"; };
		368AED3E27053F71009EF4F3 /* InformaciónAcompButton.png */ = {isa = PBXFileReference; lastKnownFileType = image.png; path = "InformaciónAcompButton.png"; sourceTree = "<group>"; };
		368AED3F27053F71009EF4F3 /* InformaciónCETACObjetivosCoordinacionButton.png */ = {isa = PBXFileReference; lastKnownFileType = image.png; path = "InformaciónCETACObjetivosCoordinacionButton.png"; sourceTree = "<group>"; };
		368AED4027053F71009EF4F3 /* InformaciónCETACObjetivosTrasladosButton.png */ = {isa = PBXFileReference; lastKnownFileType = image.png; path = "InformaciónCETACObjetivosTrasladosButton.png"; sourceTree = "<group>"; };
		368AED4127053F71009EF4F3 /* InformaciónCETACObjetivosButton.png */ = {isa = PBXFileReference; lastKnownFileType = image.png; path = "InformaciónCETACObjetivosButton.png"; sourceTree = "<group>"; };
		368AED4227053F71009EF4F3 /* InformaciónCETACObjetivosApoyoButton.png */ = {isa = PBXFileReference; lastKnownFileType = image.png; path = "InformaciónCETACObjetivosApoyoButton.png"; sourceTree = "<group>"; };
		368AED4327053F71009EF4F3 /* InformaciónCETACValoresButton.png */ = {isa = PBXFileReference; lastKnownFileType = image.png; path = "InformaciónCETACValoresButton.png"; sourceTree = "<group>"; };
		368AED4427053F71009EF4F3 /* InformaciónHolistButton.png */ = {isa = PBXFileReference; lastKnownFileType = image.png; path = "InformaciónHolistButton.png"; sourceTree = "<group>"; };
		36D06FC22710D3DC00F2E2E9 /* BackgroundWhiteLogIn.png */ = {isa = PBXFileReference; lastKnownFileType = image.png; path = BackgroundWhiteLogIn.png; sourceTree = "<group>"; };
		36F0530B2710C61B0076B8CA /* pending.png */ = {isa = PBXFileReference; lastKnownFileType = image.png; path = pending.png; sourceTree = "<group>"; };
		36F289E72709382A0052FB5E /* MenuInformacionViewController.swift */ = {isa = PBXFileReference; lastKnownFileType = sourcecode.swift; path = MenuInformacionViewController.swift; sourceTree = "<group>"; };
		36F289E92709386F0052FB5E /* MenuInformacionCETACViewController.swift */ = {isa = PBXFileReference; lastKnownFileType = sourcecode.swift; path = MenuInformacionCETACViewController.swift; sourceTree = "<group>"; };
		36F289EB270A88A00052FB5E /* Sesion.swift */ = {isa = PBXFileReference; lastKnownFileType = sourcecode.swift; path = Sesion.swift; sourceTree = "<group>"; };
		36F3926527068C7F0030A87F /* ModuloInformacion.swift */ = {isa = PBXFileReference; lastKnownFileType = sourcecode.swift; path = ModuloInformacion.swift; sourceTree = "<group>"; };
		3A22F4984F60C3DA694BC69B /* Pods-CETACApp.debug.xcconfig */ = {isa = PBXFileReference; includeInIndex = 1; lastKnownFileType = text.xcconfig; name = "Pods-CETACApp.debug.xcconfig"; path = "Target Support Files/Pods-CETACApp/Pods-CETACApp.debug.xcconfig"; sourceTree = "<group>"; };
		C325490D2262BB76C7A02680 /* Pods-CETACApp.release.xcconfig */ = {isa = PBXFileReference; includeInIndex = 1; lastKnownFileType = text.xcconfig; name = "Pods-CETACApp.release.xcconfig"; path = "Target Support Files/Pods-CETACApp/Pods-CETACApp.release.xcconfig"; sourceTree = "<group>"; };
		C60F309B4049004E4A3682DE /* Pods_CETACApp.framework */ = {isa = PBXFileReference; explicitFileType = wrapper.framework; includeInIndex = 0; path = Pods_CETACApp.framework; sourceTree = BUILT_PRODUCTS_DIR; };
/* End PBXFileReference section */

/* Begin PBXFrameworksBuildPhase section */
		368AED1A27053F31009EF4F3 /* Frameworks */ = {
			isa = PBXFrameworksBuildPhase;
			buildActionMask = 2147483647;
			files = (
				AD3870660D12B421DB319193 /* Pods_CETACApp.framework in Frameworks */,
			);
			runOnlyForDeploymentPostprocessing = 0;
		};
/* End PBXFrameworksBuildPhase section */

/* Begin PBXGroup section */
		2BDD7D6B491F31E4094033DE /* Pods */ = {
			isa = PBXGroup;
			children = (
				3A22F4984F60C3DA694BC69B /* Pods-CETACApp.debug.xcconfig */,
				C325490D2262BB76C7A02680 /* Pods-CETACApp.release.xcconfig */,
			);
			path = Pods;
			sourceTree = "<group>";
		};
		368AED1427053F31009EF4F3 = {
			isa = PBXGroup;
			children = (
				368AED1F27053F31009EF4F3 /* CETACApp */,
				368AED1E27053F31009EF4F3 /* Products */,
				2BDD7D6B491F31E4094033DE /* Pods */,
				CBD791E47AA26CE50073A2E7 /* Frameworks */,
			);
			sourceTree = "<group>";
		};
		368AED1E27053F31009EF4F3 /* Products */ = {
			isa = PBXGroup;
			children = (
				368AED1D27053F31009EF4F3 /* CETACApp.app */,
			);
			name = Products;
			sourceTree = "<group>";
		};
		368AED1F27053F31009EF4F3 /* CETACApp */ = {
			isa = PBXGroup;
			children = (
				36F3926327068B8B0030A87F /* Models */,
				36F3926427068B930030A87F /* Controllers */,
				368AED3427053F71009EF4F3 /* Assets */,
				368AED2027053F31009EF4F3 /* AppDelegate.swift */,
				368AED2227053F31009EF4F3 /* SceneDelegate.swift */,
				368AED2427053F31009EF4F3 /* ViewController.swift */,
				368AED2627053F31009EF4F3 /* Main.storyboard */,
				368AED2927053F34009EF4F3 /* Assets.xcassets */,
				368AED2B27053F34009EF4F3 /* LaunchScreen.storyboard */,
				368AED2E27053F34009EF4F3 /* Info.plist */,
				361E82C8270681B4005527F5 /* GoogleService-Info.plist */,
			);
			path = CETACApp;
			sourceTree = "<group>";
		};
		368AED3427053F71009EF4F3 /* Assets */ = {
			isa = PBXGroup;
			children = (
				36D06FC22710D3DC00F2E2E9 /* BackgroundWhiteLogIn.png */,
				36F0530B2710C61B0076B8CA /* pending.png */,
				368AED3527053F71009EF4F3 /* CETACLogo.png */,
				368AED3627053F71009EF4F3 /* InformaciónCETACObjetivosBrindarButton.png */,
				368AED3727053F71009EF4F3 /* InformaciónAlterButton.png */,
				368AED3827053F71009EF4F3 /* CETACFONDO.png */,
				368AED3927053F71009EF4F3 /* InformaciónCETACMisionButton.png */,
				368AED3A27053F71009EF4F3 /* InformaciónCETACObjetivosAcompañamientoButton.png */,
				368AED3B27053F71009EF4F3 /* InformaciónCetacButton.png */,
				368AED3C27053F71009EF4F3 /* InformaciónCETACVisionButton.png */,
				368AED3D27053F71009EF4F3 /* InformaciónCETACObjetivosAtencionButton.png */,
				368AED3E27053F71009EF4F3 /* InformaciónAcompButton.png */,
				368AED3F27053F71009EF4F3 /* InformaciónCETACObjetivosCoordinacionButton.png */,
				368AED4027053F71009EF4F3 /* InformaciónCETACObjetivosTrasladosButton.png */,
				368AED4127053F71009EF4F3 /* InformaciónCETACObjetivosButton.png */,
				368AED4227053F71009EF4F3 /* InformaciónCETACObjetivosApoyoButton.png */,
				368AED4327053F71009EF4F3 /* InformaciónCETACValoresButton.png */,
				368AED4427053F71009EF4F3 /* InformaciónHolistButton.png */,
			);
			path = Assets;
			sourceTree = "<group>";
		};
		36F3926327068B8B0030A87F /* Models */ = {
			isa = PBXGroup;
			children = (
				36F3926527068C7F0030A87F /* ModuloInformacion.swift */,
				364BD0ED2706CD75002A7002 /* ModuloInformacionController.swift */,
				36F289EB270A88A00052FB5E /* Sesion.swift */,
			);
			path = Models;
			sourceTree = "<group>";
		};
		36F3926427068B930030A87F /* Controllers */ = {
			isa = PBXGroup;
			children = (
				364BD0EF2706D06C002A7002 /* ModuloInformacionViewController.swift */,
				36F289E72709382A0052FB5E /* MenuInformacionViewController.swift */,
				36F289E92709386F0052FB5E /* MenuInformacionCETACViewController.swift */,
			);
			path = Controllers;
			sourceTree = "<group>";
		};
		CBD791E47AA26CE50073A2E7 /* Frameworks */ = {
			isa = PBXGroup;
			children = (
				C60F309B4049004E4A3682DE /* Pods_CETACApp.framework */,
			);
			name = Frameworks;
			sourceTree = "<group>";
		};
/* End PBXGroup section */

/* Begin PBXNativeTarget section */
		368AED1C27053F31009EF4F3 /* CETACApp */ = {
			isa = PBXNativeTarget;
			buildConfigurationList = 368AED3127053F34009EF4F3 /* Build configuration list for PBXNativeTarget "CETACApp" */;
			buildPhases = (
				3DB287EF4B24BB11A237CDAD /* [CP] Check Pods Manifest.lock */,
				368AED1927053F31009EF4F3 /* Sources */,
				368AED1A27053F31009EF4F3 /* Frameworks */,
				368AED1B27053F31009EF4F3 /* Resources */,
				B75ED4896160530E27908A9D /* [CP] Embed Pods Frameworks */,
			);
			buildRules = (
			);
			dependencies = (
			);
			name = CETACApp;
			productName = CETACApp;
			productReference = 368AED1D27053F31009EF4F3 /* CETACApp.app */;
			productType = "com.apple.product-type.application";
		};
/* End PBXNativeTarget section */

/* Begin PBXProject section */
		368AED1527053F31009EF4F3 /* Project object */ = {
			isa = PBXProject;
			attributes = {
				LastSwiftUpdateCheck = 1250;
				LastUpgradeCheck = 1250;
				TargetAttributes = {
					368AED1C27053F31009EF4F3 = {
						CreatedOnToolsVersion = 12.5.1;
					};
				};
			};
			buildConfigurationList = 368AED1827053F31009EF4F3 /* Build configuration list for PBXProject "CETACApp" */;
			compatibilityVersion = "Xcode 9.3";
			developmentRegion = en;
			hasScannedForEncodings = 0;
			knownRegions = (
				en,
				Base,
			);
			mainGroup = 368AED1427053F31009EF4F3;
			productRefGroup = 368AED1E27053F31009EF4F3 /* Products */;
			projectDirPath = "";
			projectRoot = "";
			targets = (
				368AED1C27053F31009EF4F3 /* CETACApp */,
			);
		};
/* End PBXProject section */

/* Begin PBXResourcesBuildPhase section */
		368AED1B27053F31009EF4F3 /* Resources */ = {
			isa = PBXResourcesBuildPhase;
			buildActionMask = 2147483647;
			files = (
				368AED5127053F71009EF4F3 /* InformaciónCETACObjetivosButton.png in Resources */,
				36F0530C2710C61B0076B8CA /* pending.png in Resources */,
				368AED5227053F71009EF4F3 /* InformaciónCETACObjetivosApoyoButton.png in Resources */,
				368AED4727053F71009EF4F3 /* InformaciónAlterButton.png in Resources */,
				368AED4E27053F71009EF4F3 /* InformaciónAcompButton.png in Resources */,
				368AED2D27053F34009EF4F3 /* LaunchScreen.storyboard in Resources */,
				368AED4627053F71009EF4F3 /* InformaciónCETACObjetivosBrindarButton.png in Resources */,
				368AED5027053F71009EF4F3 /* InformaciónCETACObjetivosTrasladosButton.png in Resources */,
				368AED5327053F71009EF4F3 /* InformaciónCETACValoresButton.png in Resources */,
				368AED4527053F71009EF4F3 /* CETACLogo.png in Resources */,
				368AED4B27053F71009EF4F3 /* InformaciónCetacButton.png in Resources */,
				368AED2A27053F34009EF4F3 /* Assets.xcassets in Resources */,
				368AED5427053F71009EF4F3 /* InformaciónHolistButton.png in Resources */,
				368AED4827053F71009EF4F3 /* CETACFONDO.png in Resources */,
				368AED4927053F71009EF4F3 /* InformaciónCETACMisionButton.png in Resources */,
				368AED4A27053F71009EF4F3 /* InformaciónCETACObjetivosAcompañamientoButton.png in Resources */,
				368AED4D27053F71009EF4F3 /* InformaciónCETACObjetivosAtencionButton.png in Resources */,
				36D06FC32710D3DD00F2E2E9 /* BackgroundWhiteLogIn.png in Resources */,
				368AED2827053F31009EF4F3 /* Main.storyboard in Resources */,
				361E82C9270681B4005527F5 /* GoogleService-Info.plist in Resources */,
				368AED4F27053F71009EF4F3 /* InformaciónCETACObjetivosCoordinacionButton.png in Resources */,
				368AED4C27053F71009EF4F3 /* InformaciónCETACVisionButton.png in Resources */,
			);
			runOnlyForDeploymentPostprocessing = 0;
		};
/* End PBXResourcesBuildPhase section */

/* Begin PBXShellScriptBuildPhase section */
		3DB287EF4B24BB11A237CDAD /* [CP] Check Pods Manifest.lock */ = {
			isa = PBXShellScriptBuildPhase;
			buildActionMask = 2147483647;
			files = (
			);
			inputFileListPaths = (
			);
			inputPaths = (
				"${PODS_PODFILE_DIR_PATH}/Podfile.lock",
				"${PODS_ROOT}/Manifest.lock",
			);
			name = "[CP] Check Pods Manifest.lock";
			outputFileListPaths = (
			);
			outputPaths = (
				"$(DERIVED_FILE_DIR)/Pods-CETACApp-checkManifestLockResult.txt",
			);
			runOnlyForDeploymentPostprocessing = 0;
			shellPath = /bin/sh;
			shellScript = "diff \"${PODS_PODFILE_DIR_PATH}/Podfile.lock\" \"${PODS_ROOT}/Manifest.lock\" > /dev/null\nif [ $? != 0 ] ; then\n    # print error to STDERR\n    echo \"error: The sandbox is not in sync with the Podfile.lock. Run 'pod install' or update your CocoaPods installation.\" >&2\n    exit 1\nfi\n# This output is used by Xcode 'outputs' to avoid re-running this script phase.\necho \"SUCCESS\" > \"${SCRIPT_OUTPUT_FILE_0}\"\n";
			showEnvVarsInLog = 0;
		};
		B75ED4896160530E27908A9D /* [CP] Embed Pods Frameworks */ = {
			isa = PBXShellScriptBuildPhase;
			buildActionMask = 2147483647;
			files = (
			);
			inputFileListPaths = (
				"${PODS_ROOT}/Target Support Files/Pods-CETACApp/Pods-CETACApp-frameworks-${CONFIGURATION}-input-files.xcfilelist",
			);
			name = "[CP] Embed Pods Frameworks";
			outputFileListPaths = (
				"${PODS_ROOT}/Target Support Files/Pods-CETACApp/Pods-CETACApp-frameworks-${CONFIGURATION}-output-files.xcfilelist",
			);
			runOnlyForDeploymentPostprocessing = 0;
			shellPath = /bin/sh;
			shellScript = "\"${PODS_ROOT}/Target Support Files/Pods-CETACApp/Pods-CETACApp-frameworks.sh\"\n";
			showEnvVarsInLog = 0;
		};
/* End PBXShellScriptBuildPhase section */

/* Begin PBXSourcesBuildPhase section */
		368AED1927053F31009EF4F3 /* Sources */ = {
			isa = PBXSourcesBuildPhase;
			buildActionMask = 2147483647;
			files = (
				368AED2527053F31009EF4F3 /* ViewController.swift in Sources */,
				36F289EC270A88A00052FB5E /* Sesion.swift in Sources */,
				368AED2127053F31009EF4F3 /* AppDelegate.swift in Sources */,
				36F3926627068C7F0030A87F /* ModuloInformacion.swift in Sources */,
				36F289E82709382A0052FB5E /* MenuInformacionViewController.swift in Sources */,
				36F289EA2709386F0052FB5E /* MenuInformacionCETACViewController.swift in Sources */,
				368AED2327053F31009EF4F3 /* SceneDelegate.swift in Sources */,
				364BD0F02706D06C002A7002 /* ModuloInformacionViewController.swift in Sources */,
				364BD0EE2706CD75002A7002 /* ModuloInformacionController.swift in Sources */,
			);
			runOnlyForDeploymentPostprocessing = 0;
		};
/* End PBXSourcesBuildPhase section */

/* Begin PBXVariantGroup section */
		368AED2627053F31009EF4F3 /* Main.storyboard */ = {
			isa = PBXVariantGroup;
			children = (
				368AED2727053F31009EF4F3 /* Base */,
			);
			name = Main.storyboard;
			sourceTree = "<group>";
		};
		368AED2B27053F34009EF4F3 /* LaunchScreen.storyboard */ = {
			isa = PBXVariantGroup;
			children = (
				368AED2C27053F34009EF4F3 /* Base */,
			);
			name = LaunchScreen.storyboard;
			sourceTree = "<group>";
		};
/* End PBXVariantGroup section */

/* Begin XCBuildConfiguration section */
		368AED2F27053F34009EF4F3 /* Debug */ = {
			isa = XCBuildConfiguration;
			buildSettings = {
				ALWAYS_SEARCH_USER_PATHS = NO;
				CLANG_ANALYZER_NONNULL = YES;
				CLANG_ANALYZER_NUMBER_OBJECT_CONVERSION = YES_AGGRESSIVE;
				CLANG_CXX_LANGUAGE_STANDARD = "gnu++14";
				CLANG_CXX_LIBRARY = "libc++";
				CLANG_ENABLE_MODULES = YES;
				CLANG_ENABLE_OBJC_ARC = YES;
				CLANG_ENABLE_OBJC_WEAK = YES;
				CLANG_WARN_BLOCK_CAPTURE_AUTORELEASING = YES;
				CLANG_WARN_BOOL_CONVERSION = YES;
				CLANG_WARN_COMMA = YES;
				CLANG_WARN_CONSTANT_CONVERSION = YES;
				CLANG_WARN_DEPRECATED_OBJC_IMPLEMENTATIONS = YES;
				CLANG_WARN_DIRECT_OBJC_ISA_USAGE = YES_ERROR;
				CLANG_WARN_DOCUMENTATION_COMMENTS = YES;
				CLANG_WARN_EMPTY_BODY = YES;
				CLANG_WARN_ENUM_CONVERSION = YES;
				CLANG_WARN_INFINITE_RECURSION = YES;
				CLANG_WARN_INT_CONVERSION = YES;
				CLANG_WARN_NON_LITERAL_NULL_CONVERSION = YES;
				CLANG_WARN_OBJC_IMPLICIT_RETAIN_SELF = YES;
				CLANG_WARN_OBJC_LITERAL_CONVERSION = YES;
				CLANG_WARN_OBJC_ROOT_CLASS = YES_ERROR;
				CLANG_WARN_QUOTED_INCLUDE_IN_FRAMEWORK_HEADER = YES;
				CLANG_WARN_RANGE_LOOP_ANALYSIS = YES;
				CLANG_WARN_STRICT_PROTOTYPES = YES;
				CLANG_WARN_SUSPICIOUS_MOVE = YES;
				CLANG_WARN_UNGUARDED_AVAILABILITY = YES_AGGRESSIVE;
				CLANG_WARN_UNREACHABLE_CODE = YES;
				CLANG_WARN__DUPLICATE_METHOD_MATCH = YES;
				COPY_PHASE_STRIP = NO;
				DEBUG_INFORMATION_FORMAT = dwarf;
				ENABLE_STRICT_OBJC_MSGSEND = YES;
				ENABLE_TESTABILITY = YES;
				GCC_C_LANGUAGE_STANDARD = gnu11;
				GCC_DYNAMIC_NO_PIC = NO;
				GCC_NO_COMMON_BLOCKS = YES;
				GCC_OPTIMIZATION_LEVEL = 0;
				GCC_PREPROCESSOR_DEFINITIONS = (
					"DEBUG=1",
					"$(inherited)",
				);
				GCC_WARN_64_TO_32_BIT_CONVERSION = YES;
				GCC_WARN_ABOUT_RETURN_TYPE = YES_ERROR;
				GCC_WARN_UNDECLARED_SELECTOR = YES;
				GCC_WARN_UNINITIALIZED_AUTOS = YES_AGGRESSIVE;
				GCC_WARN_UNUSED_FUNCTION = YES;
				GCC_WARN_UNUSED_VARIABLE = YES;
				IPHONEOS_DEPLOYMENT_TARGET = 14.5;
				MTL_ENABLE_DEBUG_INFO = INCLUDE_SOURCE;
				MTL_FAST_MATH = YES;
				ONLY_ACTIVE_ARCH = YES;
				SDKROOT = iphoneos;
				SWIFT_ACTIVE_COMPILATION_CONDITIONS = DEBUG;
				SWIFT_OPTIMIZATION_LEVEL = "-Onone";
			};
			name = Debug;
		};
		368AED3027053F34009EF4F3 /* Release */ = {
			isa = XCBuildConfiguration;
			buildSettings = {
				ALWAYS_SEARCH_USER_PATHS = NO;
				CLANG_ANALYZER_NONNULL = YES;
				CLANG_ANALYZER_NUMBER_OBJECT_CONVERSION = YES_AGGRESSIVE;
				CLANG_CXX_LANGUAGE_STANDARD = "gnu++14";
				CLANG_CXX_LIBRARY = "libc++";
				CLANG_ENABLE_MODULES = YES;
				CLANG_ENABLE_OBJC_ARC = YES;
				CLANG_ENABLE_OBJC_WEAK = YES;
				CLANG_WARN_BLOCK_CAPTURE_AUTORELEASING = YES;
				CLANG_WARN_BOOL_CONVERSION = YES;
				CLANG_WARN_COMMA = YES;
				CLANG_WARN_CONSTANT_CONVERSION = YES;
				CLANG_WARN_DEPRECATED_OBJC_IMPLEMENTATIONS = YES;
				CLANG_WARN_DIRECT_OBJC_ISA_USAGE = YES_ERROR;
				CLANG_WARN_DOCUMENTATION_COMMENTS = YES;
				CLANG_WARN_EMPTY_BODY = YES;
				CLANG_WARN_ENUM_CONVERSION = YES;
				CLANG_WARN_INFINITE_RECURSION = YES;
				CLANG_WARN_INT_CONVERSION = YES;
				CLANG_WARN_NON_LITERAL_NULL_CONVERSION = YES;
				CLANG_WARN_OBJC_IMPLICIT_RETAIN_SELF = YES;
				CLANG_WARN_OBJC_LITERAL_CONVERSION = YES;
				CLANG_WARN_OBJC_ROOT_CLASS = YES_ERROR;
				CLANG_WARN_QUOTED_INCLUDE_IN_FRAMEWORK_HEADER = YES;
				CLANG_WARN_RANGE_LOOP_ANALYSIS = YES;
				CLANG_WARN_STRICT_PROTOTYPES = YES;
				CLANG_WARN_SUSPICIOUS_MOVE = YES;
				CLANG_WARN_UNGUARDED_AVAILABILITY = YES_AGGRESSIVE;
				CLANG_WARN_UNREACHABLE_CODE = YES;
				CLANG_WARN__DUPLICATE_METHOD_MATCH = YES;
				COPY_PHASE_STRIP = NO;
				DEBUG_INFORMATION_FORMAT = "dwarf-with-dsym";
				ENABLE_NS_ASSERTIONS = NO;
				ENABLE_STRICT_OBJC_MSGSEND = YES;
				GCC_C_LANGUAGE_STANDARD = gnu11;
				GCC_NO_COMMON_BLOCKS = YES;
				GCC_WARN_64_TO_32_BIT_CONVERSION = YES;
				GCC_WARN_ABOUT_RETURN_TYPE = YES_ERROR;
				GCC_WARN_UNDECLARED_SELECTOR = YES;
				GCC_WARN_UNINITIALIZED_AUTOS = YES_AGGRESSIVE;
				GCC_WARN_UNUSED_FUNCTION = YES;
				GCC_WARN_UNUSED_VARIABLE = YES;
				IPHONEOS_DEPLOYMENT_TARGET = 14.5;
				MTL_ENABLE_DEBUG_INFO = NO;
				MTL_FAST_MATH = YES;
				SDKROOT = iphoneos;
				SWIFT_COMPILATION_MODE = wholemodule;
				SWIFT_OPTIMIZATION_LEVEL = "-O";
				VALIDATE_PRODUCT = YES;
			};
			name = Release;
		};
		368AED3227053F34009EF4F3 /* Debug */ = {
			isa = XCBuildConfiguration;
			baseConfigurationReference = 3A22F4984F60C3DA694BC69B /* Pods-CETACApp.debug.xcconfig */;
			buildSettings = {
				ASSETCATALOG_COMPILER_APPICON_NAME = AppIcon;
				ASSETCATALOG_COMPILER_GLOBAL_ACCENT_COLOR_NAME = AccentColor;
				CODE_SIGN_STYLE = Automatic;
				INFOPLIST_FILE = CETACApp/Info.plist;
				LD_RUNPATH_SEARCH_PATHS = (
					"$(inherited)",
					"@executable_path/Frameworks",
				);
				PRODUCT_BUNDLE_IDENTIFIER = com.Placeholder.CETACApp;
				PRODUCT_NAME = "$(TARGET_NAME)";
				SWIFT_VERSION = 5.0;
				TARGETED_DEVICE_FAMILY = "1,2";
			};
			name = Debug;
		};
		368AED3327053F34009EF4F3 /* Release */ = {
			isa = XCBuildConfiguration;
			baseConfigurationReference = C325490D2262BB76C7A02680 /* Pods-CETACApp.release.xcconfig */;
			buildSettings = {
				ASSETCATALOG_COMPILER_APPICON_NAME = AppIcon;
				ASSETCATALOG_COMPILER_GLOBAL_ACCENT_COLOR_NAME = AccentColor;
				CODE_SIGN_STYLE = Automatic;
				INFOPLIST_FILE = CETACApp/Info.plist;
				LD_RUNPATH_SEARCH_PATHS = (
					"$(inherited)",
					"@executable_path/Frameworks",
				);
				PRODUCT_BUNDLE_IDENTIFIER = com.Placeholder.CETACApp;
				PRODUCT_NAME = "$(TARGET_NAME)";
				SWIFT_VERSION = 5.0;
				TARGETED_DEVICE_FAMILY = "1,2";
			};
			name = Release;
		};
/* End XCBuildConfiguration section */

/* Begin XCConfigurationList section */
		368AED1827053F31009EF4F3 /* Build configuration list for PBXProject "CETACApp" */ = {
			isa = XCConfigurationList;
			buildConfigurations = (
				368AED2F27053F34009EF4F3 /* Debug */,
				368AED3027053F34009EF4F3 /* Release */,
			);
			defaultConfigurationIsVisible = 0;
			defaultConfigurationName = Release;
		};
		368AED3127053F34009EF4F3 /* Build configuration list for PBXNativeTarget "CETACApp" */ = {
			isa = XCConfigurationList;
			buildConfigurations = (
				368AED3227053F34009EF4F3 /* Debug */,
				368AED3327053F34009EF4F3 /* Release */,
			);
			defaultConfigurationIsVisible = 0;
			defaultConfigurationName = Release;
		};
/* End XCConfigurationList section */
	};
	rootObject = 368AED1527053F31009EF4F3 /* Project object */;
}
